// !$*UTF8*$!
{
	archiveVersion = 1;
	classes = {
	};
	objectVersion = 48;
	objects = {

/* Begin PBXBuildFile section */
		098876F33570FD2A62F341C6 /* SupabaseService.swift in Sources */ = {isa = PBXBuildFile; fileRef = B0F43A8052FDC5C149657D60 /* SupabaseService.swift */; };
		0E01C5A0D42D49CA9DE2B72B /* BuildFile in Sources */ = {isa = PBXBuildFile; };
		0F02BEEBDADE4D339D330010 /* AppInitializationService.swift in Sources */ = {isa = PBXBuildFile; fileRef = E0C9877B71CB4E5087C28827 /* AppInitializationService.swift */; };
		10BEE637B02448718A4FCD04 /* BuildFile in Sources */ = {isa = PBXBuildFile; };
		1941A013C7514B7BB3191A1A /* MobileAPIService.swift in Sources */ = {isa = PBXBuildFile; fileRef = 1A2C8C24DBD644F6AEC83AA2 /* MobileAPIService.swift */; };
		2E3800F13557763D85EADB20 /* APIService.swift in Sources */ = {isa = PBXBuildFile; fileRef = C9F704DD261ACBF4E66EA37D /* APIService.swift */; };
		2FAD9763203C412B000D30F8 /* config.xml in Resources */ = {isa = PBXBuildFile; fileRef = 2FAD9762203C412B000D30F8 /* config.xml */; };
		324FE3C8E52943EA855E9C70 /* BuildFile in Sources */ = {isa = PBXBuildFile; };
		3E1D12BCF32B46C4932DAF9D /* CentralizedAPIService.swift in Sources */ = {isa = PBXBuildFile; fileRef = 4B6A625A8D0F423AB11F56BD /* CentralizedAPIService.swift */; };
		4D7C4FD7D2DB487EBFCBAEA4 /* BuildFile in Sources */ = {isa = PBXBuildFile; };
		4DBCD55FBB28414FA6ECF75C /* QuickAPITest.swift in Sources */ = {isa = PBXBuildFile; fileRef = A1211CE00A6743A5BCE128ED /* QuickAPITest.swift */; };
		4EEDD777D5FC442D8287E6C1 /* BuildFile in Sources */ = {isa = PBXBuildFile; };
		50379B232058CBB4000EE86E /* capacitor.config.json in Resources */ = {isa = PBXBuildFile; fileRef = 50379B222058CBB4000EE86E /* capacitor.config.json */; };
		504EC3081FED79650016851F /* AppDelegate.swift in Sources */ = {isa = PBXBuildFile; fileRef = 504EC3071FED79650016851F /* AppDelegate.swift */; };
		504EC30D1FED79650016851F /* Main.storyboard in Resources */ = {isa = PBXBuildFile; fileRef = 504EC30B1FED79650016851F /* Main.storyboard */; };
		504EC30F1FED79650016851F /* Assets.xcassets in Resources */ = {isa = PBXBuildFile; fileRef = 504EC30E1FED79650016851F /* Assets.xcassets */; };
		504EC3121FED79650016851F /* LaunchScreen.storyboard in Resources */ = {isa = PBXBuildFile; fileRef = 504EC3101FED79650016851F /* LaunchScreen.storyboard */; };
		50B271D11FEDC1A000F3C39B /* public in Resources */ = {isa = PBXBuildFile; fileRef = 50B271D01FEDC1A000F3C39B /* public */; };
		6F7310BF2EAA2B52952C2FF9 /* DataValidationService.swift in Sources */ = {isa = PBXBuildFile; fileRef = 029C67CFFC8BF7578653B27E /* DataValidationService.swift */; };
		87D2B852AB8B4C06A0974F67 /* NetworkDiagnosticService.swift in Sources */ = {isa = PBXBuildFile; fileRef = 26BF08411F6747AAA446892A /* NetworkDiagnosticService.swift */; };
		91478798FF174D88807658D0 /* APIKeyManager.swift in Sources */ = {isa = PBXBuildFile; fileRef = FBF85802291540C4BA08456F /* APIKeyManager.swift */; };
		95DFE7725787FFB80BD3A061 /* Pods_App.framework in Frameworks */ = {isa = PBXBuildFile; fileRef = F1AB083FB64EAA04E4255471 /* Pods_App.framework */; };
		9F2C1AA4EB654917B0D7CEE5 /* BuildFile in Sources */ = {isa = PBXBuildFile; };
		A183A553489FEBCC5DEA3569 /* Theme.swift in Sources */ = {isa = PBXBuildFile; fileRef = 77D695E09A84E63D781ED9BE /* Theme.swift */; };
		A946E9F726A7466B8C811CE2 /* BuildFile in Sources */ = {isa = PBXBuildFile; };
		A97CD5B732C448E28330D4F8 /* NetworkInterceptorService.swift in Sources */ = {isa = PBXBuildFile; fileRef = 8E0FB1CDBF3B4982901A9E46 /* NetworkInterceptorService.swift */; };
		AINEGOTIATOR1234567890AB /* AINegotiatorViewController.swift in Sources */ = {isa = PBXBuildFile; fileRef = AINEGOTIATORFILE123456 /* AINegotiatorViewController.swift */; };
		B1BC128D9A6E48A0AEE418FD /* BuildFile in Sources */ = {isa = PBXBuildFile; };
		B92C672514024AC1932CE44B /* BuildFile in Sources */ = {isa = PBXBuildFile; };
		C05C8EB0D3504D3390E7081D /* NetworkDebugService.swift in Sources */ = {isa = PBXBuildFile; fileRef = 516B7045843640DE8A079D62 /* NetworkDebugService.swift */; };
		C58090467F0745799D177869 /* BuildFile in Sources */ = {isa = PBXBuildFile; };
		C7A5D0C0BBD4465EA2EB82FB /* BuildFile in Sources */ = {isa = PBXBuildFile; };
		CAPBRIDGE123456789ABCDEF /* BuildFile in Sources */ = {isa = PBXBuildFile; };
		D10CDA6A8824424F8BBD7E5C /* BuildFile in Sources */ = {isa = PBXBuildFile; };
		D546CCF224AA414BA6F6B901 /* EnvironmentManager.swift in Sources */ = {isa = PBXBuildFile; fileRef = E5AB30DD69CE45B0A9467E6E /* EnvironmentManager.swift */; };
		IOSTEST1234567890ABCDEF0 /* BuildFile in Sources */ = {isa = PBXBuildFile; };
		KEYCHAIN1234567890ABCDEF /* KeychainService.swift in Sources */ = {isa = PBXBuildFile; fileRef = KEYCHAINFILE1234567890AB /* KeychainService.swift */; };
		LEGAL123456789ABCDEF00 /* LegalHelpViewController.swift in Sources */ = {isa = PBXBuildFile; fileRef = LEGALFILE123456789ABCD /* LegalHelpViewController.swift */; };
		LOCALAPI1234567890ABCDEF /* BuildFile in Sources */ = {isa = PBXBuildFile; };
		MORTGAGE123456789ABCDEF /* MortgageToolsViewController.swift in Sources */ = {isa = PBXBuildFile; fileRef = MORTGAGEFILE123456789A /* MortgageToolsViewController.swift */; };
		PRICING1234567890ABCDEF /* PricingPlansViewController.swift in Sources */ = {isa = PBXBuildFile; fileRef = PRICINGFILE1234567890AB /* PricingPlansViewController.swift */; };
		STUDENT1234567890ABCDEF0 /* StudentHousingViewController.swift in Sources */ = {isa = PBXBuildFile; fileRef = STUDENTFILE1234567890ABC /* StudentHousingViewController.swift */; };
/* End PBXBuildFile section */

/* Begin PBXFileReference section */
		029C67CFFC8BF7578653B27E /* DataValidationService.swift */ = {isa = PBXFileReference; includeInIndex = 1; lastKnownFileType = sourcecode.swift; path = DataValidationService.swift; sourceTree = "<group>"; };
		1A2C8C24DBD644F6AEC83AA2 /* MobileAPIService.swift */ = {isa = PBXFileReference; includeInIndex = 1; lastKnownFileType = sourcecode.swift; name = MobileAPIService.swift; path = Services/MobileAPIService.swift; sourceTree = "<group>"; };
		26BF08411F6747AAA446892A /* NetworkDiagnosticService.swift */ = {isa = PBXFileReference; includeInIndex = 1; lastKnownFileType = sourcecode.swift; name = NetworkDiagnosticService.swift; path = Services/NetworkDiagnosticService.swift; sourceTree = "<group>"; };
		2FAD9762203C412B000D30F8 /* config.xml */ = {isa = PBXFileReference; lastKnownFileType = text.xml; path = config.xml; sourceTree = "<group>"; };
		34A93843239570525D66733D /* Pods-App.release.xcconfig */ = {isa = PBXFileReference; includeInIndex = 1; lastKnownFileType = text.xcconfig; name = "Pods-App.release.xcconfig"; path = "Target Support Files/Pods-App/Pods-App.release.xcconfig"; sourceTree = "<group>"; };
		4B6A625A8D0F423AB11F56BD /* CentralizedAPIService.swift */ = {isa = PBXFileReference; includeInIndex = 1; lastKnownFileType = sourcecode.swift; name = CentralizedAPIService.swift; path = Services/CentralizedAPIService.swift; sourceTree = "<group>"; };
		50379B222058CBB4000EE86E /* capacitor.config.json */ = {isa = PBXFileReference; fileEncoding = 4; lastKnownFileType = text.json; path = capacitor.config.json; sourceTree = "<group>"; };
		504EC3041FED79650016851F /* App.app */ = {isa = PBXFileReference; explicitFileType = wrapper.application; includeInIndex = 0; path = App.app; sourceTree = BUILT_PRODUCTS_DIR; };
		504EC3071FED79650016851F /* AppDelegate.swift */ = {isa = PBXFileReference; lastKnownFileType = sourcecode.swift; path = AppDelegate.swift; sourceTree = "<group>"; };
		504EC30C1FED79650016851F /* Base */ = {isa = PBXFileReference; lastKnownFileType = file.storyboard; name = Base; path = Base.lproj/Main.storyboard; sourceTree = "<group>"; };
		504EC30E1FED79650016851F /* Assets.xcassets */ = {isa = PBXFileReference; lastKnownFileType = folder.assetcatalog; path = Assets.xcassets; sourceTree = "<group>"; };
		504EC3111FED79650016851F /* Base */ = {isa = PBXFileReference; lastKnownFileType = file.storyboard; name = Base; path = Base.lproj/LaunchScreen.storyboard; sourceTree = "<group>"; };
		504EC3131FED79650016851F /* Info.plist */ = {isa = PBXFileReference; lastKnownFileType = text.plist.xml; path = Info.plist; sourceTree = "<group>"; };
		50B271D01FEDC1A000F3C39B /* public */ = {isa = PBXFileReference; lastKnownFileType = folder; path = public; sourceTree = "<group>"; };
		516B7045843640DE8A079D62 /* NetworkDebugService.swift */ = {isa = PBXFileReference; includeInIndex = 1; lastKnownFileType = sourcecode.swift; name = NetworkDebugService.swift; path = Services/NetworkDebugService.swift; sourceTree = "<group>"; };
		77D695E09A84E63D781ED9BE /* Theme.swift */ = {isa = PBXFileReference; includeInIndex = 1; lastKnownFileType = sourcecode.swift; name = Theme.swift; path = App/Theme.swift; sourceTree = "<group>"; };
		8E0FB1CDBF3B4982901A9E46 /* NetworkInterceptorService.swift */ = {isa = PBXFileReference; includeInIndex = 1; lastKnownFileType = sourcecode.swift; name = NetworkInterceptorService.swift; path = Services/NetworkInterceptorService.swift; sourceTree = "<group>"; };
		A1211CE00A6743A5BCE128ED /* QuickAPITest.swift */ = {isa = PBXFileReference; includeInIndex = 1; lastKnownFileType = sourcecode.swift; name = QuickAPITest.swift; path = QuickAPITest.swift; sourceTree = "<group>"; };
		B0F43A8052FDC5C149657D60 /* SupabaseService.swift */ = {isa = PBXFileReference; includeInIndex = 1; lastKnownFileType = sourcecode.swift; path = SupabaseService.swift; sourceTree = "<group>"; };
		C9F704DD261ACBF4E66EA37D /* APIService.swift */ = {isa = PBXFileReference; includeInIndex = 1; lastKnownFileType = sourcecode.swift; name = APIService.swift; path = App/APIService.swift; sourceTree = "<group>"; };
		E0C9877B71CB4E5087C28827 /* AppInitializationService.swift */ = {isa = PBXFileReference; includeInIndex = 1; lastKnownFileType = sourcecode.swift; name = AppInitializationService.swift; path = Services/AppInitializationService.swift; sourceTree = "<group>"; };
		E5AB30DD69CE45B0A9467E6E /* EnvironmentManager.swift */ = {isa = PBXFileReference; includeInIndex = 1; lastKnownFileType = sourcecode.swift; name = EnvironmentManager.swift; path = Services/EnvironmentManager.swift; sourceTree = "<group>"; };
		F1AB083FB64EAA04E4255471 /* Pods_App.framework */ = {isa = PBXFileReference; explicitFileType = wrapper.framework; includeInIndex = 0; path = Pods_App.framework; sourceTree = BUILT_PRODUCTS_DIR; };
		F3609BFBABAB377BD954FCB0 /* Pods-App.debug.xcconfig */ = {isa = PBXFileReference; includeInIndex = 1; lastKnownFileType = text.xcconfig; name = "Pods-App.debug.xcconfig"; path = "Target Support Files/Pods-App/Pods-App.debug.xcconfig"; sourceTree = "<group>"; };
		FBF85802291540C4BA08456F /* APIKeyManager.swift */ = {isa = PBXFileReference; includeInIndex = 1; lastKnownFileType = sourcecode.swift; name = APIKeyManager.swift; path = Services/APIKeyManager.swift; sourceTree = "<group>"; };
/* End PBXFileReference section */

/* Begin PBXFrameworksBuildPhase section */
		504EC3011FED79650016851F /* Frameworks */ = {
			isa = PBXFrameworksBuildPhase;
			buildActionMask = 2147483647;
			files = (
				95DFE7725787FFB80BD3A061 /* Pods_App.framework in Frameworks */,
			);
			runOnlyForDeploymentPostprocessing = 0;
		};
/* End PBXFrameworksBuildPhase section */

/* Begin PBXGroup section */
		4ED50A020295F26791380A08 /* ViewControllers */ = {
			isa = PBXGroup;
			children = (
			);
			name = ViewControllers;
			sourceTree = "<group>";
		};
		504EC2FB1FED79650016851F = {
			isa = PBXGroup;
			children = (
				504EC3061FED79650016851F /* App */,
				504EC3051FED79650016851F /* Products */,
				77D695E09A84E63D781ED9BE /* Theme.swift */,
				C9F704DD261ACBF4E66EA37D /* APIService.swift */,
				86800B8302395739C4BDB08B /* Pods */,
				CCD8AAB3A2EAC8329034CAB8 /* Frameworks */,
			);
			sourceTree = "<group>";
		};
		504EC3051FED79650016851F /* Products */ = {
			isa = PBXGroup;
			children = (
				504EC3041FED79650016851F /* App.app */,
			);
			name = Products;
			sourceTree = "<group>";
		};
		504EC3061FED79650016851F /* App */ = {
			isa = PBXGroup;
			children = (
				50379B222058CBB4000EE86E /* capacitor.config.json */,
				504EC3071FED79650016851F /* AppDelegate.swift */,
				504EC30B1FED79650016851F /* Main.storyboard */,
				504EC30E1FED79650016851F /* Assets.xcassets */,
				504EC3101FED79650016851F /* LaunchScreen.storyboard */,
				504EC3131FED79650016851F /* Info.plist */,
				2FAD9762203C412B000D30F8 /* config.xml */,
				50B271D01FEDC1A000F3C39B /* public */,
				52A776F11A4F901180D6C60F /* Services */,
				4ED50A020295F26791380A08 /* ViewControllers */,
				A1211CE00A6743A5BCE128ED /* QuickAPITest.swift */,
			);
			path = App;
			sourceTree = "<group>";
		};
		52A776F11A4F901180D6C60F /* Services */ = {
			isa = PBXGroup;
			children = (
				B0F43A8052FDC5C149657D60 /* SupabaseService.swift */,
				029C67CFFC8BF7578653B27E /* DataValidationService.swift */,
				26BF08411F6747AAA446892A /* NetworkDiagnosticService.swift */,
				8E0FB1CDBF3B4982901A9E46 /* NetworkInterceptorService.swift */,
				4B6A625A8D0F423AB11F56BD /* CentralizedAPIService.swift */,
				516B7045843640DE8A079D62 /* NetworkDebugService.swift */,
				FBF85802291540C4BA08456F /* APIKeyManager.swift */,
				E0C9877B71CB4E5087C28827 /* AppInitializationService.swift */,
				E5AB30DD69CE45B0A9467E6E /* EnvironmentManager.swift */,
				1A2C8C24DBD644F6AEC83AA2 /* MobileAPIService.swift */,
			);
			name = Services;
			sourceTree = "<group>";
		};
		86800B8302395739C4BDB08B /* Pods */ = {
			isa = PBXGroup;
			children = (
				F3609BFBABAB377BD954FCB0 /* Pods-App.debug.xcconfig */,
				34A93843239570525D66733D /* Pods-App.release.xcconfig */,
			);
			name = Pods;
			path = Pods;
			sourceTree = "<group>";
		};
		CCD8AAB3A2EAC8329034CAB8 /* Frameworks */ = {
			isa = PBXGroup;
			children = (
				F1AB083FB64EAA04E4255471 /* Pods_App.framework */,
			);
			name = Frameworks;
			sourceTree = "<group>";
		};
/* End PBXGroup section */

/* Begin PBXNativeTarget section */
		504EC3031FED79650016851F /* App */ = {
			isa = PBXNativeTarget;
			buildConfigurationList = 504EC3161FED79650016851F /* Build configuration list for PBXNativeTarget "App" */;
			buildPhases = (
				078CFEDE91B888BEBBA25B88 /* [CP] Check Pods Manifest.lock */,
				504EC3001FED79650016851F /* Sources */,
				504EC3011FED79650016851F /* Frameworks */,
				504EC3021FED79650016851F /* Resources */,
				E67954C66197E45B95A179A6 /* [CP] Embed Pods Frameworks */,
			);
			buildRules = (
			);
			dependencies = (
			);
			name = App;
			productName = App;
			productReference = 504EC3041FED79650016851F /* App.app */;
			productType = "com.apple.product-type.application";
		};
/* End PBXNativeTarget section */

/* Begin PBXProject section */
		504EC2FC1FED79650016851F /* Project object */ = {
			isa = PBXProject;
			attributes = {
				LastSwiftUpdateCheck = 0920;
				LastUpgradeCheck = 0920;
				TargetAttributes = {
					504EC3031FED79650016851F = {
						CreatedOnToolsVersion = 9.2;
						LastSwiftMigration = 1100;
						ProvisioningStyle = Automatic;
					};
				};
			};
			buildConfigurationList = 504EC2FF1FED79650016851F /* Build configuration list for PBXProject "App" */;
			compatibilityVersion = "Xcode 8.0";
			developmentRegion = en;
			hasScannedForEncodings = 0;
			knownRegions = (
				en,
				Base,
			);
			mainGroup = 504EC2FB1FED79650016851F;
			productRefGroup = 504EC3051FED79650016851F /* Products */;
			projectDirPath = "";
			projectRoot = "";
			targets = (
				504EC3031FED79650016851F /* App */,
			);
		};
/* End PBXProject section */

/* Begin PBXResourcesBuildPhase section */
		504EC3021FED79650016851F /* Resources */ = {
			isa = PBXResourcesBuildPhase;
			buildActionMask = 2147483647;
			files = (
				504EC3121FED79650016851F /* LaunchScreen.storyboard in Resources */,
				50B271D11FEDC1A000F3C39B /* public in Resources */,
				504EC30F1FED79650016851F /* Assets.xcassets in Resources */,
				50379B232058CBB4000EE86E /* capacitor.config.json in Resources */,
				504EC30D1FED79650016851F /* Main.storyboard in Resources */,
				2FAD9763203C412B000D30F8 /* config.xml in Resources */,
			);
			runOnlyForDeploymentPostprocessing = 0;
		};
/* End PBXResourcesBuildPhase section */

/* Begin PBXShellScriptBuildPhase section */
		078CFEDE91B888BEBBA25B88 /* [CP] Check Pods Manifest.lock */ = {
			isa = PBXShellScriptBuildPhase;
			buildActionMask = 2147483647;
			files = (
			);
			inputFileListPaths = (
			);
			inputPaths = (
				"${PODS_PODFILE_DIR_PATH}/Podfile.lock",
				"${PODS_ROOT}/Manifest.lock",
			);
			name = "[CP] Check Pods Manifest.lock";
			outputFileListPaths = (
			);
			outputPaths = (
				"$(DERIVED_FILE_DIR)/Pods-App-checkManifestLockResult.txt",
			);
			runOnlyForDeploymentPostprocessing = 0;
			shellPath = /bin/sh;
			shellScript = "diff \"${PODS_PODFILE_DIR_PATH}/Podfile.lock\" \"${PODS_ROOT}/Manifest.lock\" > /dev/null\nif [ $? != 0 ] ; then\n    # print error to STDERR\n    echo \"error: The sandbox is not in sync with the Podfile.lock. Run 'pod install' or update your CocoaPods installation.\" >&2\n    exit 1\nfi\n# This output is used by Xcode 'outputs' to avoid re-running this script phase.\necho \"SUCCESS\" > \"${SCRIPT_OUTPUT_FILE_0}\"\n";
			showEnvVarsInLog = 0;
		};
		E67954C66197E45B95A179A6 /* [CP] Embed Pods Frameworks */ = {
			isa = PBXShellScriptBuildPhase;
			buildActionMask = 2147483647;
			files = (
			);
			inputPaths = (
			);
			name = "[CP] Embed Pods Frameworks";
			outputPaths = (
			);
			runOnlyForDeploymentPostprocessing = 0;
			shellPath = /bin/sh;
			shellScript = "\"${PODS_ROOT}/Target Support Files/Pods-App/Pods-App-frameworks.sh\"\n";
			showEnvVarsInLog = 0;
		};
/* End PBXShellScriptBuildPhase section */

/* Begin PBXSourcesBuildPhase section */
		504EC3001FED79650016851F /* Sources */ = {
			isa = PBXSourcesBuildPhase;
			buildActionMask = 2147483647;
			files = (
				504EC3081FED79650016851F /* AppDelegate.swift in Sources */,
				A183A553489FEBCC5DEA3569 /* Theme.swift in Sources */,
				2E3800F13557763D85EADB20 /* APIService.swift in Sources */,
				098876F33570FD2A62F341C6 /* SupabaseService.swift in Sources */,
				6F7310BF2EAA2B52952C2FF9 /* DataValidationService.swift in Sources */,
				10BEE637B02448718A4FCD04 /* BuildFile in Sources */,
				D10CDA6A8824424F8BBD7E5C /* BuildFile in Sources */,
				B1BC128D9A6E48A0AEE418FD /* BuildFile in Sources */,
				324FE3C8E52943EA855E9C70 /* BuildFile in Sources */,
				0E01C5A0D42D49CA9DE2B72B /* BuildFile in Sources */,
				A946E9F726A7466B8C811CE2 /* BuildFile in Sources */,
				C58090467F0745799D177869 /* BuildFile in Sources */,
				4D7C4FD7D2DB487EBFCBAEA4 /* BuildFile in Sources */,
				B92C672514024AC1932CE44B /* BuildFile in Sources */,
				4EEDD777D5FC442D8287E6C1 /* BuildFile in Sources */,
				C7A5D0C0BBD4465EA2EB82FB /* BuildFile in Sources */,
				9F2C1AA4EB654917B0D7CEE5 /* BuildFile in Sources */,
				4DBCD55FBB28414FA6ECF75C /* QuickAPITest.swift in Sources */,
				87D2B852AB8B4C06A0974F67 /* NetworkDiagnosticService.swift in Sources */,
				A97CD5B732C448E28330D4F8 /* NetworkInterceptorService.swift in Sources */,
				3E1D12BCF32B46C4932DAF9D /* CentralizedAPIService.swift in Sources */,
				C05C8EB0D3504D3390E7081D /* NetworkDebugService.swift in Sources */,
				91478798FF174D88807658D0 /* APIKeyManager.swift in Sources */,
				0F02BEEBDADE4D339D330010 /* AppInitializationService.swift in Sources */,
				D546CCF224AA414BA6F6B901 /* EnvironmentManager.swift in Sources */,
				1941A013C7514B7BB3191A1A /* MobileAPIService.swift in Sources */,
			);
			runOnlyForDeploymentPostprocessing = 0;
		};
/* End PBXSourcesBuildPhase section */

/* Begin PBXVariantGroup section */
		504EC30B1FED79650016851F /* Main.storyboard */ = {
			isa = PBXVariantGroup;
			children = (
				504EC30C1FED79650016851F /* Base */,
			);
			name = Main.storyboard;
			sourceTree = "<group>";
		};
		504EC3101FED79650016851F /* LaunchScreen.storyboard */ = {
			isa = PBXVariantGroup;
			children = (
				504EC3111FED79650016851F /* Base */,
			);
			name = LaunchScreen.storyboard;
			sourceTree = "<group>";
		};
/* End PBXVariantGroup section */

/* Begin XCBuildConfiguration section */
		504EC3141FED79650016851F /* Debug */ = {
			isa = XCBuildConfiguration;
			buildSettings = {
				ALWAYS_SEARCH_USER_PATHS = NO;
				CLANG_ANALYZER_NONNULL = YES;
				CLANG_ANALYZER_NUMBER_OBJECT_CONVERSION = YES_AGGRESSIVE;
				CLANG_CXX_LANGUAGE_STANDARD = "gnu++14";
				CLANG_CXX_LIBRARY = "libc++";
				CLANG_ENABLE_MODULES = YES;
				CLANG_ENABLE_OBJC_ARC = YES;
				CLANG_WARN_BLOCK_CAPTURE_AUTORELEASING = YES;
				CLANG_WARN_BOOL_CONVERSION = YES;
				CLANG_WARN_COMMA = YES;
				CLANG_WARN_CONSTANT_CONVERSION = YES;
				CLANG_WARN_DIRECT_OBJC_ISA_USAGE = YES_ERROR;
				CLANG_WARN_DOCUMENTATION_COMMENTS = YES;
				CLANG_WARN_EMPTY_BODY = YES;
				CLANG_WARN_ENUM_CONVERSION = YES;
				CLANG_WARN_INFINITE_RECURSION = YES;
				CLANG_WARN_INT_CONVERSION = YES;
				CLANG_WARN_NON_LITERAL_NULL_CONVERSION = YES;
				CLANG_WARN_OBJC_LITERAL_CONVERSION = YES;
				CLANG_WARN_OBJC_ROOT_CLASS = YES_ERROR;
				CLANG_WARN_RANGE_LOOP_ANALYSIS = YES;
				CLANG_WARN_STRICT_PROTOTYPES = YES;
				CLANG_WARN_SUSPICIOUS_MOVE = YES;
				CLANG_WARN_UNGUARDED_AVAILABILITY = YES_AGGRESSIVE;
				CLANG_WARN_UNREACHABLE_CODE = YES;
				CLANG_WARN__DUPLICATE_METHOD_MATCH = YES;
				CODE_SIGN_IDENTITY = "iPhone Developer";
				COPY_PHASE_STRIP = NO;
				DEBUG_INFORMATION_FORMAT = dwarf;
				ENABLE_STRICT_OBJC_MSGSEND = YES;
				ENABLE_TESTABILITY = YES;
				GCC_C_LANGUAGE_STANDARD = gnu11;
				GCC_DYNAMIC_NO_PIC = NO;
				GCC_NO_COMMON_BLOCKS = YES;
				GCC_OPTIMIZATION_LEVEL = 0;
				GCC_PREPROCESSOR_DEFINITIONS = (
					"DEBUG=1",
					"$(inherited)",
				);
				GCC_WARN_64_TO_32_BIT_CONVERSION = YES;
				GCC_WARN_ABOUT_RETURN_TYPE = YES_ERROR;
				GCC_WARN_UNDECLARED_SELECTOR = YES;
				GCC_WARN_UNINITIALIZED_AUTOS = YES_AGGRESSIVE;
				GCC_WARN_UNUSED_FUNCTION = YES;
				GCC_WARN_UNUSED_VARIABLE = YES;
				IPHONEOS_DEPLOYMENT_TARGET = 14.0;
				MTL_ENABLE_DEBUG_INFO = YES;
				ONLY_ACTIVE_ARCH = YES;
				SDKROOT = iphoneos;
				SWIFT_ACTIVE_COMPILATION_CONDITIONS = DEBUG;
				SWIFT_OPTIMIZATION_LEVEL = "-Onone";
			};
			name = Debug;
		};
		504EC3151FED79650016851F /* Release */ = {
			isa = XCBuildConfiguration;
			buildSettings = {
				ALWAYS_SEARCH_USER_PATHS = NO;
				CLANG_ANALYZER_NONNULL = YES;
				CLANG_ANALYZER_NUMBER_OBJECT_CONVERSION = YES_AGGRESSIVE;
				CLANG_CXX_LANGUAGE_STANDARD = "gnu++14";
				CLANG_CXX_LIBRARY = "libc++";
				CLANG_ENABLE_MODULES = YES;
				CLANG_ENABLE_OBJC_ARC = YES;
				CLANG_WARN_BLOCK_CAPTURE_AUTORELEASING = YES;
				CLANG_WARN_BOOL_CONVERSION = YES;
				CLANG_WARN_COMMA = YES;
				CLANG_WARN_CONSTANT_CONVERSION = YES;
				CLANG_WARN_DIRECT_OBJC_ISA_USAGE = YES_ERROR;
				CLANG_WARN_DOCUMENTATION_COMMENTS = YES;
				CLANG_WARN_EMPTY_BODY = YES;
				CLANG_WARN_ENUM_CONVERSION = YES;
				CLANG_WARN_INFINITE_RECURSION = YES;
				CLANG_WARN_INT_CONVERSION = YES;
				CLANG_WARN_NON_LITERAL_NULL_CONVERSION = YES;
				CLANG_WARN_OBJC_LITERAL_CONVERSION = YES;
				CLANG_WARN_OBJC_ROOT_CLASS = YES_ERROR;
				CLANG_WARN_RANGE_LOOP_ANALYSIS = YES;
				CLANG_WARN_STRICT_PROTOTYPES = YES;
				CLANG_WARN_SUSPICIOUS_MOVE = YES;
				CLANG_WARN_UNGUARDED_AVAILABILITY = YES_AGGRESSIVE;
				CLANG_WARN_UNREACHABLE_CODE = YES;
				CLANG_WARN__DUPLICATE_METHOD_MATCH = YES;
				CODE_SIGN_IDENTITY = "iPhone Developer";
				COPY_PHASE_STRIP = NO;
				DEBUG_INFORMATION_FORMAT = "dwarf-with-dsym";
				ENABLE_NS_ASSERTIONS = NO;
				ENABLE_STRICT_OBJC_MSGSEND = YES;
				GCC_C_LANGUAGE_STANDARD = gnu11;
				GCC_NO_COMMON_BLOCKS = YES;
				GCC_WARN_64_TO_32_BIT_CONVERSION = YES;
				GCC_WARN_ABOUT_RETURN_TYPE = YES_ERROR;
				GCC_WARN_UNDECLARED_SELECTOR = YES;
				GCC_WARN_UNINITIALIZED_AUTOS = YES_AGGRESSIVE;
				GCC_WARN_UNUSED_FUNCTION = YES;
				GCC_WARN_UNUSED_VARIABLE = YES;
				IPHONEOS_DEPLOYMENT_TARGET = 14.0;
				MTL_ENABLE_DEBUG_INFO = NO;
				SDKROOT = iphoneos;
				SWIFT_OPTIMIZATION_LEVEL = "-Owholemodule";
				VALIDATE_PRODUCT = YES;
			};
			name = Release;
		};
		504EC3171FED79650016851F /* Debug */ = {
			isa = XCBuildConfiguration;
			baseConfigurationReference = F3609BFBABAB377BD954FCB0 /* Pods-App.debug.xcconfig */;
			buildSettings = {
				ASSETCATALOG_COMPILER_APPICON_NAME = AppIcon;
				CODE_SIGN_STYLE = Automatic;
				CURRENT_PROJECT_VERSION = 1;
				INFOPLIST_FILE = App/Info.plist;
				IPHONEOS_DEPLOYMENT_TARGET = 14.0;
				LD_RUNPATH_SEARCH_PATHS = "$(inherited) @executable_path/Frameworks";
				MARKETING_VERSION = 1.0;
				OTHER_SWIFT_FLAGS = "$(inherited) \"-D\" \"COCOAPODS\" \"-DDEBUG\"";
				PRODUCT_BUNDLE_IDENTIFIER = com.roomfinderai.app;
				PRODUCT_NAME = "$(TARGET_NAME)";
				SWIFT_ACTIVE_COMPILATION_CONDITIONS = DEBUG;
				SWIFT_VERSION = 5.0;
				TARGETED_DEVICE_FAMILY = "1,2";
			};
			name = Debug;
		};
		504EC3181FED79650016851F /* Release */ = {
			isa = XCBuildConfiguration;
			baseConfigurationReference = 34A93843239570525D66733D /* Pods-App.release.xcconfig */;
			buildSettings = {
				ASSETCATALOG_COMPILER_APPICON_NAME = AppIcon;
				CODE_SIGN_STYLE = Automatic;
				CURRENT_PROJECT_VERSION = 1;
				INFOPLIST_FILE = App/Info.plist;
				IPHONEOS_DEPLOYMENT_TARGET = 14.0;
				LD_RUNPATH_SEARCH_PATHS = "$(inherited) @executable_path/Frameworks";
				MARKETING_VERSION = 1.0;
				PRODUCT_BUNDLE_IDENTIFIER = com.roomfinderai.app;
				PRODUCT_NAME = "$(TARGET_NAME)";
				SWIFT_ACTIVE_COMPILATION_CONDITIONS = "";
				SWIFT_VERSION = 5.0;
				TARGETED_DEVICE_FAMILY = "1,2";
			};
			name = Release;
		};
/* End XCBuildConfiguration section */

/* Begin XCConfigurationList section */
		504EC2FF1FED79650016851F /* Build configuration list for PBXProject "App" */ = {
			isa = XCConfigurationList;
			buildConfigurations = (
				504EC3141FED79650016851F /* Debug */,
				504EC3151FED79650016851F /* Release */,
			);
			defaultConfigurationIsVisible = 0;
			defaultConfigurationName = Release;
		};
		504EC3161FED79650016851F /* Build configuration list for PBXNativeTarget "App" */ = {
			isa = XCConfigurationList;
			buildConfigurations = (
				504EC3171FED79650016851F /* Debug */,
				504EC3181FED79650016851F /* Release */,
			);
			defaultConfigurationIsVisible = 0;
			defaultConfigurationName = Release;
		};
/* End XCConfigurationList section */
	};
	rootObject = 504EC2FC1FED79650016851F /* Project object */;
}
