// !$*UTF8*$!
{
	archiveVersion = 1;
	classes = {
	};
	objectVersion = 56;
	objects = {

/* Begin PBXBuildFile section */
		1D109ADD81A867B28AC0AF96 /* User.swift in Sources */ = {isa = PBXBuildFile; fileRef = A01234567890123456789041 /* User.swift */; };
		23E6668819441A2BD8257B96 /* ContentView.swift in Sources */ = {isa = PBXBuildFile; fileRef = A01234567890123456789013 /* ContentView.swift */; };
		2440D0907AA22BC04BD24871 /* RoomFinderAIApp.swift in Sources */ = {isa = PBXBuildFile; fileRef = A01234567890123456789011 /* RoomFinderAIApp.swift */; };
		35288DC5877070BE28D5FD39 /* SharedComponents.swift in Sources */ = {isa = PBXBuildFile; fileRef = 79D3FBDBA34C4343741F6B78 /* SharedComponents.swift */; };
		353BDA71F77AE7E966494D08 /* Extensions.swift in Sources */ = {isa = PBXBuildFile; fileRef = A01234567890123456789051 /* Extensions.swift */; };
		3A64B729512ECD47A436D7D6 /* LoginView.swift in Sources */ = {isa = PBXBuildFile; fileRef = A01234567890123456789027 /* LoginView.swift */; };
		495FD9DC8BE1AA749FCFC64E /* MockDataService.swift in Sources */ = {isa = PBXBuildFile; fileRef = 73490D0B6F586AC9EFB7939D /* MockDataService.swift */; };
		4A38D1827D90B5A91AA60B83 /* DebugEnv.swift in Sources */ = {isa = PBXBuildFile; fileRef = 1194E0404AC0884FC2B02CFC /* DebugEnv.swift */; };
		4B38A02398CB4863BF54FC04 /* DashboardView.swift in Sources */ = {isa = PBXBuildFile; fileRef = A01234567890123456789031 /* DashboardView.swift */; };
		5F00531F2AA76E176EAEC986 /* SimpleListingsViewModel.swift in Sources */ = {isa = PBXBuildFile; fileRef = C5D8C9DC10D12ADFB6BE2EFD /* SimpleListingsViewModel.swift */; };
		629F47B83B24F248E4A7DC5E /* PropertyDetailView.swift in Sources */ = {isa = PBXBuildFile; fileRef = A01234567890123456789035 /* PropertyDetailView.swift */; };
		89380E4204D00D32CC776045 /* ListingsView.swift in Sources */ = {isa = PBXBuildFile; fileRef = A01234567890123456789033 /* ListingsView.swift */; };
		899B163A338260E99A2432A4 /* ProfileView.swift in Sources */ = {isa = PBXBuildFile; fileRef = A01234567890123456789039 /* ProfileView.swift */; };
		8D7D44837EA37736676CA516 /* Constants.swift in Sources */ = {isa = PBXBuildFile; fileRef = A01234567890123456789049 /* Constants.swift */; };
		8E716072C88589D2BEB8DAFE /* RealSupabaseService.swift in Sources */ = {isa = PBXBuildFile; fileRef = B9092F683FF134DD8DC2C243 /* RealSupabaseService.swift */; };
		A01234567890123456789016 /* Assets.xcassets in Resources */ = {isa = PBXBuildFile; fileRef = A01234567890123456789015 /* Assets.xcassets */; };
		B1ADFC25FD9E2DC2EA0C9961 /* SubleaseView.swift in Sources */ = {isa = PBXBuildFile; fileRef = 6C1F874F608B396521435D67 /* SubleaseView.swift */; };
		BE0E697CCF9C78A9ED9337AB /* ParityProbe.swift in Sources */ = {isa = PBXBuildFile; fileRef = 66692679B7E485B07C32BCCB /* ParityProbe.swift */; };
		D5DBA5CF706C1084FE6D2C40 /* SignUpView.swift in Sources */ = {isa = PBXBuildFile; fileRef = A01234567890123456789029 /* SignUpView.swift */; };
		DCE6FB7466DCFB4DAE183DD9 /* SimpleAuthViewModel.swift in Sources */ = {isa = PBXBuildFile; fileRef = 1574BBFE50B4AAE210BE0EA3 /* SimpleAuthViewModel.swift */; };
		EA20B2DD7F61B4B2E78FDCAB /* Listing.swift in Sources */ = {isa = PBXBuildFile; fileRef = A01234567890123456789043 /* Listing.swift */; };
		F1234567890123456789002 /* ListingsService.swift in Sources */ = {isa = PBXBuildFile; fileRef = F1234567890123456789102 /* ListingsService.swift */; };
		F1234567890123456789003 /* ListingsFilter.swift in Sources */ = {isa = PBXBuildFile; fileRef = F1234567890123456789103 /* ListingsFilter.swift */; };
		F1234567890123456789004 /* ListingsRealtime.swift in Sources */ = {isa = PBXBuildFile; fileRef = F1234567890123456789104 /* ListingsRealtime.swift */; };
		F1234567890123456789005 /* AuthService.swift in Sources */ = {isa = PBXBuildFile; fileRef = F1234567890123456789105 /* AuthService.swift */; };
		F1234567890123456789006 /* ListingsViewModel.swift in Sources */ = {isa = PBXBuildFile; fileRef = F1234567890123456789106 /* ListingsViewModel.swift */; };
		F1234567890123456789007 /* NewListingsView.swift in Sources */ = {isa = PBXBuildFile; fileRef = F1234567890123456789107 /* NewListingsView.swift */; };
/* End PBXBuildFile section */

/* Begin PBXFileReference section */
		1194E0404AC0884FC2B02CFC /* DebugEnv.swift */ = {isa = PBXFileReference; includeInIndex = 1; lastKnownFileType = sourcecode.swift; name = DebugEnv.swift; path = RoomFinderAI/Source/RoomFinderAI/Debug/DebugEnv.swift; sourceTree = "<group>"; };
		1574BBFE50B4AAE210BE0EA3 /* SimpleAuthViewModel.swift */ = {isa = PBXFileReference; includeInIndex = 1; lastKnownFileType = sourcecode.swift; name = SimpleAuthViewModel.swift; path = ../Source/RoomFinderAI/Services/SimpleAuthViewModel.swift; sourceTree = "<group>"; };
		66692679B7E485B07C32BCCB /* ParityProbe.swift */ = {isa = PBXFileReference; includeInIndex = 1; lastKnownFileType = sourcecode.swift; name = ParityProbe.swift; path = RoomFinderAI/Source/RoomFinderAI/Debug/ParityProbe.swift; sourceTree = "<group>"; };
		6C1F874F608B396521435D67 /* SubleaseView.swift */ = {isa = PBXFileReference; includeInIndex = 1; lastKnownFileType = sourcecode.swift; name = SubleaseView.swift; path = ../Source/RoomFinderAI/Views/SubleaseView.swift; sourceTree = "<group>"; };
		73490D0B6F586AC9EFB7939D /* MockDataService.swift */ = {isa = PBXFileReference; includeInIndex = 1; lastKnownFileType = sourcecode.swift; name = MockDataService.swift; path = ../Source/RoomFinderAI/Services/MockDataService.swift; sourceTree = "<group>"; };
		79D3FBDBA34C4343741F6B78 /* SharedComponents.swift */ = {isa = PBXFileReference; includeInIndex = 1; lastKnownFileType = sourcecode.swift; name = SharedComponents.swift; path = ../Source/RoomFinderAI/Components/SharedComponents.swift; sourceTree = "<group>"; };
		A01234567890123456789011 /* RoomFinderAIApp.swift */ = {isa = PBXFileReference; lastKnownFileType = sourcecode.swift; name = RoomFinderAIApp.swift; path = ../Source/RoomFinderAI/RoomFinderAIApp.swift; sourceTree = "<group>"; };
		A01234567890123456789012 /* RoomFinderAI.app */ = {isa = PBXFileReference; explicitFileType = wrapper.application; includeInIndex = 0; path = RoomFinderAI.app; sourceTree = BUILT_PRODUCTS_DIR; };
		A01234567890123456789013 /* ContentView.swift */ = {isa = PBXFileReference; lastKnownFileType = sourcecode.swift; name = ContentView.swift; path = ../Source/RoomFinderAI/ContentView.swift; sourceTree = "<group>"; };
		A01234567890123456789015 /* Assets.xcassets */ = {isa = PBXFileReference; lastKnownFileType = folder.assetcatalog; name = Assets.xcassets; path = ../Source/RoomFinderAI/Resources/Assets.xcassets; sourceTree = "<group>"; };
		A01234567890123456789027 /* LoginView.swift */ = {isa = PBXFileReference; lastKnownFileType = sourcecode.swift; name = LoginView.swift; path = ../Source/RoomFinderAI/Views/LoginView.swift; sourceTree = "<group>"; };
		A01234567890123456789029 /* SignUpView.swift */ = {isa = PBXFileReference; lastKnownFileType = sourcecode.swift; name = SignUpView.swift; path = ../Source/RoomFinderAI/Views/SignUpView.swift; sourceTree = "<group>"; };
		A01234567890123456789031 /* DashboardView.swift */ = {isa = PBXFileReference; lastKnownFileType = sourcecode.swift; name = DashboardView.swift; path = ../Source/RoomFinderAI/Views/DashboardView.swift; sourceTree = "<group>"; };
		A01234567890123456789033 /* ListingsView.swift */ = {isa = PBXFileReference; lastKnownFileType = sourcecode.swift; name = ListingsView.swift; path = ../Source/RoomFinderAI/Views/ListingsView.swift; sourceTree = "<group>"; };
		A01234567890123456789035 /* PropertyDetailView.swift */ = {isa = PBXFileReference; lastKnownFileType = sourcecode.swift; name = PropertyDetailView.swift; path = ../Source/RoomFinderAI/Views/PropertyDetailView.swift; sourceTree = "<group>"; };
		A01234567890123456789039 /* ProfileView.swift */ = {isa = PBXFileReference; lastKnownFileType = sourcecode.swift; name = ProfileView.swift; path = ../Source/RoomFinderAI/Views/ProfileView.swift; sourceTree = "<group>"; };
		A01234567890123456789041 /* User.swift */ = {isa = PBXFileReference; lastKnownFileType = sourcecode.swift; name = User.swift; path = ../Source/RoomFinderAI/Models/User.swift; sourceTree = "<group>"; };
		A01234567890123456789043 /* Listing.swift */ = {isa = PBXFileReference; lastKnownFileType = sourcecode.swift; name = Listing.swift; path = ../Source/RoomFinderAI/Models/Listing.swift; sourceTree = "<group>"; };
		A01234567890123456789049 /* Constants.swift */ = {isa = PBXFileReference; lastKnownFileType = sourcecode.swift; name = Constants.swift; path = ../Source/RoomFinderAI/Utils/Constants.swift; sourceTree = "<group>"; };
		A01234567890123456789051 /* Extensions.swift */ = {isa = PBXFileReference; lastKnownFileType = sourcecode.swift; name = Extensions.swift; path = ../Source/RoomFinderAI/Utils/Extensions.swift; sourceTree = "<group>"; };
		A01234567890123456789053 /* Info.plist */ = {isa = PBXFileReference; lastKnownFileType = text.plist.xml; name = Info.plist; path = ../Source/RoomFinderAI/Resources/Info.plist; sourceTree = "<group>"; };
		B9092F683FF134DD8DC2C243 /* RealSupabaseService.swift */ = {isa = PBXFileReference; includeInIndex = 1; lastKnownFileType = sourcecode.swift; name = RealSupabaseService.swift; path = ../Source/RoomFinderAI/Services/RealSupabaseService.swift; sourceTree = "<group>"; };
		C5D8C9DC10D12ADFB6BE2EFD /* SimpleListingsViewModel.swift */ = {isa = PBXFileReference; includeInIndex = 1; lastKnownFileType = sourcecode.swift; name = SimpleListingsViewModel.swift; path = ../Source/RoomFinderAI/Services/SimpleListingsViewModel.swift; sourceTree = "<group>"; };
		F1234567890123456789102 /* ListingsService.swift */ = {isa = PBXFileReference; lastKnownFileType = sourcecode.swift; name = ListingsService.swift; path = ../Source/RoomFinderAI/Data/ListingsService.swift; sourceTree = "<group>"; };
		F1234567890123456789103 /* ListingsFilter.swift */ = {isa = PBXFileReference; lastKnownFileType = sourcecode.swift; name = ListingsFilter.swift; path = ../Source/RoomFinderAI/Data/ListingsFilter.swift; sourceTree = "<group>"; };
		F1234567890123456789104 /* ListingsRealtime.swift */ = {isa = PBXFileReference; lastKnownFileType = sourcecode.swift; name = ListingsRealtime.swift; path = ../Source/RoomFinderAI/Data/ListingsRealtime.swift; sourceTree = "<group>"; };
		F1234567890123456789105 /* AuthService.swift */ = {isa = PBXFileReference; lastKnownFileType = sourcecode.swift; name = AuthService.swift; path = ../Source/RoomFinderAI/Data/AuthService.swift; sourceTree = "<group>"; };
		F1234567890123456789106 /* ListingsViewModel.swift */ = {isa = PBXFileReference; lastKnownFileType = sourcecode.swift; name = ListingsViewModel.swift; path = ../Source/RoomFinderAI/Presentation/ListingsViewModel.swift; sourceTree = "<group>"; };
		F1234567890123456789107 /* NewListingsView.swift */ = {isa = PBXFileReference; lastKnownFileType = sourcecode.swift; name = NewListingsView.swift; path = ../Source/RoomFinderAI/Presentation/NewListingsView.swift; sourceTree = "<group>"; };
/* End PBXFileReference section */

/* Begin PBXFrameworksBuildPhase section */
		A01234567890123456789054 /* Frameworks */ = {
			isa = PBXFrameworksBuildPhase;
			buildActionMask = 2147483647;
			files = (
			);
			runOnlyForDeploymentPostprocessing = 0;
		};
/* End PBXFrameworksBuildPhase section */

/* Begin PBXGroup section */
		02337FE959B1493F9A632935 /* Services */ = {
			isa = PBXGroup;
			children = (
				73490D0B6F586AC9EFB7939D /* MockDataService.swift */,
			);
			name = Services;
			sourceTree = "<group>";
		};
		4F256AA422F7BE9ADB51DFF1 /* Services */ = {
			isa = PBXGroup;
			children = (
				1574BBFE50B4AAE210BE0EA3 /* SimpleAuthViewModel.swift */,
				C5D8C9DC10D12ADFB6BE2EFD /* SimpleListingsViewModel.swift */,
			);
			name = Services;
			sourceTree = "<group>";
		};
		70E8D37F2E2BEEDD00188FC1 /* Recovered References */ = {
			isa = PBXGroup;
			children = (
			);
			name = "Recovered References";
			sourceTree = "<group>";
		};
		79F6B6F12B546EBCC970D3EA /* RoomFinderAI */ = {
			isa = PBXGroup;
			children = (
				B7418EA17E3F9049AF9548AB /* Utils */,
				4F256AA422F7BE9ADB51DFF1 /* Services */,
			);
			name = RoomFinderAI;
			sourceTree = "<group>";
		};
		A01234567890123456789055 = {
			isa = PBXGroup;
			children = (
				A01234567890123456789056 /* RoomFinderAI */,
				A01234567890123456789057 /* Products */,
				70E8D37F2E2BEEDD00188FC1 /* Recovered References */,
				02337FE959B1493F9A632935 /* Services */,
				A6FB950B67BCA4C883E040D5 /* Components */,
				1194E0404AC0884FC2B02CFC /* DebugEnv.swift */,
				66692679B7E485B07C32BCCB /* ParityProbe.swift */,
			);
			sourceTree = "<group>";
		};
		A01234567890123456789056 /* RoomFinderAI */ = {
			isa = PBXGroup;
			children = (
				A01234567890123456789011 /* RoomFinderAIApp.swift */,
				A01234567890123456789013 /* ContentView.swift */,
				A01234567890123456789058 /* Views */,
				A01234567890123456789059 /* Services */,
				F1234567890123456789201 /* Data */,
				F1234567890123456789202 /* Presentation */,
				A01234567890123456789060 /* Models */,
				A01234567890123456789061 /* Utils */,
				A01234567890123456789062 /* Resources */,
				CE0B223F8CE3E22BC88F8A5B /* Source */,
			);
			path = RoomFinderAI;
			sourceTree = "<group>";
		};
		A01234567890123456789057 /* Products */ = {
			isa = PBXGroup;
			children = (
				A01234567890123456789012 /* RoomFinderAI.app */,
			);
			name = Products;
			sourceTree = "<group>";
		};
		A01234567890123456789058 /* Views */ = {
			isa = PBXGroup;
			children = (
				A01234567890123456789027 /* LoginView.swift */,
				A01234567890123456789029 /* SignUpView.swift */,
				A01234567890123456789031 /* DashboardView.swift */,
				A01234567890123456789033 /* ListingsView.swift */,
				A01234567890123456789035 /* PropertyDetailView.swift */,
				A01234567890123456789039 /* ProfileView.swift */,
				6C1F874F608B396521435D67 /* SubleaseView.swift */,
			);
			path = Views;
			sourceTree = "<group>";
		};
		A01234567890123456789059 /* Services */ = {
			isa = PBXGroup;
			children = (
				B9092F683FF134DD8DC2C243 /* RealSupabaseService.swift */,
			);
			path = Services;
			sourceTree = "<group>";
		};
		A01234567890123456789060 /* Models */ = {
			isa = PBXGroup;
			children = (
				A01234567890123456789041 /* User.swift */,
				A01234567890123456789043 /* Listing.swift */,
			);
			path = Models;
			sourceTree = "<group>";
		};
		A01234567890123456789061 /* Utils */ = {
			isa = PBXGroup;
			children = (
				A01234567890123456789049 /* Constants.swift */,
				A01234567890123456789051 /* Extensions.swift */,
			);
			path = Utils;
			sourceTree = "<group>";
		};
		A01234567890123456789062 /* Resources */ = {
			isa = PBXGroup;
			children = (
				A01234567890123456789015 /* Assets.xcassets */,
				A01234567890123456789053 /* Info.plist */,
			);
			path = Resources;
			sourceTree = "<group>";
		};
		A6FB950B67BCA4C883E040D5 /* Components */ = {
			isa = PBXGroup;
			children = (
				79D3FBDBA34C4343741F6B78 /* SharedComponents.swift */,
			);
			name = Components;
			sourceTree = "<group>";
		};
		B7418EA17E3F9049AF9548AB /* Utils */ = {
			isa = PBXGroup;
			children = (
			);
			name = Utils;
			sourceTree = "<group>";
		};
		CE0B223F8CE3E22BC88F8A5B /* Source */ = {
			isa = PBXGroup;
			children = (
				79F6B6F12B546EBCC970D3EA /* RoomFinderAI */,
			);
			name = Source;
			sourceTree = "<group>";
		};
		F1234567890123456789201 /* Data */ = {
			isa = PBXGroup;
			children = (
				F1234567890123456789102 /* ListingsService.swift */,
				F1234567890123456789103 /* ListingsFilter.swift */,
				F1234567890123456789104 /* ListingsRealtime.swift */,
				F1234567890123456789105 /* AuthService.swift */,
			);
			path = Data;
			sourceTree = "<group>";
		};
		F1234567890123456789202 /* Presentation */ = {
			isa = PBXGroup;
			children = (
				F1234567890123456789106 /* ListingsViewModel.swift */,
				F1234567890123456789107 /* NewListingsView.swift */,
			);
			path = Presentation;
			sourceTree = "<group>";
		};
/* End PBXGroup section */

/* Begin PBXNativeTarget section */
		A01234567890123456789063 /* RoomFinderAI */ = {
			isa = PBXNativeTarget;
			buildConfigurationList = A01234567890123456789064 /* Build configuration list for PBXNativeTarget "RoomFinderAI" */;
			buildPhases = (
				A01234567890123456789065 /* Sources */,
				A01234567890123456789054 /* Frameworks */,
				A01234567890123456789066 /* Resources */,
			);
			buildRules = (
			);
			dependencies = (
			);
			name = RoomFinderAI;
			packageProductDependencies = (
				0D67B50174B5916812DE96D9 /* Supabase */,
			);
			productName = RoomFinderAI;
			productReference = A01234567890123456789012 /* RoomFinderAI.app */;
			productType = "com.apple.product-type.application";
		};
/* End PBXNativeTarget section */

/* Begin PBXProject section */
		A01234567890123456789067 /* Project object */ = {
			isa = PBXProject;
			attributes = {
				BuildIndependentTargetsInParallel = 1;
				LastSwiftUpdateCheck = 1500;
				LastUpgradeCheck = 1500;
				TargetAttributes = {
					A01234567890123456789063 = {
						CreatedOnToolsVersion = 15.0;
					};
				};
			};
			buildConfigurationList = A01234567890123456789068 /* Build configuration list for PBXProject "RoomFinderAI" */;
			compatibilityVersion = "Xcode 14.0";
			developmentRegion = en;
			hasScannedForEncodings = 0;
			knownRegions = (
				en,
				Base,
			);
			mainGroup = A01234567890123456789055;
			packageReferences = (
				31CEAF39151D2026F56D776B /* XCRemoteSwiftPackageReference "supabase-swift" */,
			);
			productRefGroup = A01234567890123456789057 /* Products */;
			projectDirPath = "";
			projectRoot = "";
			targets = (
				A01234567890123456789063 /* RoomFinderAI */,
			);
		};
/* End PBXProject section */

/* Begin PBXResourcesBuildPhase section */
		A01234567890123456789066 /* Resources */ = {
			isa = PBXResourcesBuildPhase;
			buildActionMask = 2147483647;
			files = (
				A01234567890123456789016 /* Assets.xcassets in Resources */,
			);
			runOnlyForDeploymentPostprocessing = 0;
		};
/* End PBXResourcesBuildPhase section */

/* Begin PBXSourcesBuildPhase section */
		A01234567890123456789065 /* Sources */ = {
			isa = PBXSourcesBuildPhase;
			buildActionMask = 2147483647;
			files = (
				2440D0907AA22BC04BD24871 /* RoomFinderAIApp.swift in Sources */,
				23E6668819441A2BD8257B96 /* ContentView.swift in Sources */,
				3A64B729512ECD47A436D7D6 /* LoginView.swift in Sources */,
				D5DBA5CF706C1084FE6D2C40 /* SignUpView.swift in Sources */,
				4B38A02398CB4863BF54FC04 /* DashboardView.swift in Sources */,
				89380E4204D00D32CC776045 /* ListingsView.swift in Sources */,
				629F47B83B24F248E4A7DC5E /* PropertyDetailView.swift in Sources */,
				899B163A338260E99A2432A4 /* ProfileView.swift in Sources */,
				B1ADFC25FD9E2DC2EA0C9961 /* SubleaseView.swift in Sources */,
				1D109ADD81A867B28AC0AF96 /* User.swift in Sources */,
				EA20B2DD7F61B4B2E78FDCAB /* Listing.swift in Sources */,
				8D7D44837EA37736676CA516 /* Constants.swift in Sources */,
				353BDA71F77AE7E966494D08 /* Extensions.swift in Sources */,
				DCE6FB7466DCFB4DAE183DD9 /* SimpleAuthViewModel.swift in Sources */,
				5F00531F2AA76E176EAEC986 /* SimpleListingsViewModel.swift in Sources */,
				495FD9DC8BE1AA749FCFC64E /* MockDataService.swift in Sources */,
				35288DC5877070BE28D5FD39 /* SharedComponents.swift in Sources */,
				8E716072C88589D2BEB8DAFE /* RealSupabaseService.swift in Sources */,
				F1234567890123456789002 /* ListingsService.swift in Sources */,
				F1234567890123456789003 /* ListingsFilter.swift in Sources */,
				F1234567890123456789004 /* ListingsRealtime.swift in Sources */,
				F1234567890123456789005 /* AuthService.swift in Sources */,
				F1234567890123456789006 /* ListingsViewModel.swift in Sources */,
				F1234567890123456789007 /* NewListingsView.swift in Sources */,
				4A38D1827D90B5A91AA60B83 /* DebugEnv.swift in Sources */,
				BE0E697CCF9C78A9ED9337AB /* ParityProbe.swift in Sources */,
			);
			runOnlyForDeploymentPostprocessing = 0;
		};
/* End PBXSourcesBuildPhase section */

/* Begin XCBuildConfiguration section */
		A01234567890123456789069 /* Debug */ = {
			isa = XCBuildConfiguration;
			buildSettings = {
				ALWAYS_SEARCH_USER_PATHS = NO;
				ASSETCATALOG_COMPILER_GENERATE_SWIFT_ASSET_SYMBOL_EXTENSIONS = YES;
				CLANG_ANALYZER_NONNULL = YES;
				CLANG_ANALYZER_NUMBER_OBJECT_CONVERSION = YES_AGGRESSIVE;
				CLANG_CXX_LANGUAGE_STANDARD = "gnu++20";
				CLANG_ENABLE_MODULES = YES;
				CLANG_ENABLE_OBJC_ARC = YES;
				CLANG_ENABLE_OBJC_WEAK = YES;
				CLANG_WARN_BLOCK_CAPTURE_AUTORELEASING = YES;
				CLANG_WARN_BOOL_CONVERSION = YES;
				CLANG_WARN_COMMA = YES;
				CLANG_WARN_CONSTANT_CONVERSION = YES;
				CLANG_WARN_DEPRECATED_OBJC_IMPLEMENTATIONS = YES;
				CLANG_WARN_DIRECT_OBJC_ISA_USAGE = YES_ERROR;
				CLANG_WARN_DOCUMENTATION_COMMENTS = YES;
				CLANG_WARN_EMPTY_BODY = YES;
				CLANG_WARN_ENUM_CONVERSION = YES;
				CLANG_WARN_INFINITE_RECURSION = YES;
				CLANG_WARN_INT_CONVERSION = YES;
				CLANG_WARN_NON_LITERAL_NULL_CONVERSION = YES;
				CLANG_WARN_OBJC_IMPLICIT_RETAIN_SELF = YES;
				CLANG_WARN_OBJC_LITERAL_CONVERSION = YES;
				CLANG_WARN_OBJC_ROOT_CLASS = YES_ERROR;
				CLANG_WARN_QUOTED_INCLUDE_IN_FRAMEWORK_HEADER = YES;
				CLANG_WARN_RANGE_LOOP_ANALYSIS = YES;
				CLANG_WARN_STRICT_PROTOTYPES = YES;
				CLANG_WARN_SUSPICIOUS_MOVE = YES;
				CLANG_WARN_UNGUARDED_AVAILABILITY = YES_AGGRESSIVE;
				CLANG_WARN_UNREACHABLE_CODE = YES;
				CLANG_WARN__DUPLICATE_METHOD_MATCH = YES;
				COPY_PHASE_STRIP = NO;
				DEBUG_INFORMATION_FORMAT = dwarf;
				ENABLE_STRICT_OBJC_MSGSEND = YES;
				ENABLE_TESTABILITY = YES;
				ENABLE_USER_SCRIPT_SANDBOXING = YES;
				GCC_C_LANGUAGE_STANDARD = gnu17;
				GCC_DYNAMIC_NO_PIC = NO;
				GCC_NO_COMMON_BLOCKS = YES;
				GCC_OPTIMIZATION_LEVEL = 0;
				GCC_PREPROCESSOR_DEFINITIONS = (
					"DEBUG=1",
					"$(inherited)",
				);
				GCC_WARN_64_TO_32_BIT_CONVERSION = YES;
				GCC_WARN_ABOUT_RETURN_TYPE = YES_ERROR;
				GCC_WARN_UNDECLARED_SELECTOR = YES;
				GCC_WARN_UNINITIALIZED_AUTOS = YES_AGGRESSIVE;
				GCC_WARN_UNUSED_FUNCTION = YES;
				GCC_WARN_UNUSED_VARIABLE = YES;
				IPHONEOS_DEPLOYMENT_TARGET = 16.0;
				LOCALIZATION_PREFERS_STRING_CATALOGS = YES;
				MTL_ENABLE_DEBUG_INFO = INCLUDE_SOURCE;
				MTL_FAST_MATH = YES;
				ONLY_ACTIVE_ARCH = YES;
				SDKROOT = iphoneos;
				SWIFT_ACTIVE_COMPILATION_CONDITIONS = "DEBUG $(inherited)";
				SWIFT_OPTIMIZATION_LEVEL = "-Onone";
			};
			name = Debug;
		};
		A01234567890123456789070 /* Release */ = {
			isa = XCBuildConfiguration;
			buildSettings = {
				ALWAYS_SEARCH_USER_PATHS = NO;
				ASSETCATALOG_COMPILER_GENERATE_SWIFT_ASSET_SYMBOL_EXTENSIONS = YES;
				CLANG_ANALYZER_NONNULL = YES;
				CLANG_ANALYZER_NUMBER_OBJECT_CONVERSION = YES_AGGRESSIVE;
				CLANG_CXX_LANGUAGE_STANDARD = "gnu++20";
				CLANG_ENABLE_MODULES = YES;
				CLANG_ENABLE_OBJC_ARC = YES;
				CLANG_ENABLE_OBJC_WEAK = YES;
				CLANG_WARN_BLOCK_CAPTURE_AUTORELEASING = YES;
				CLANG_WARN_BOOL_CONVERSION = YES;
				CLANG_WARN_COMMA = YES;
				CLANG_WARN_CONSTANT_CONVERSION = YES;
				CLANG_WARN_DEPRECATED_OBJC_IMPLEMENTATIONS = YES;
				CLANG_WARN_DIRECT_OBJC_ISA_USAGE = YES_ERROR;
				CLANG_WARN_DOCUMENTATION_COMMENTS = YES;
				CLANG_WARN_EMPTY_BODY = YES;
				CLANG_WARN_ENUM_CONVERSION = YES;
				CLANG_WARN_INFINITE_RECURSION = YES;
				CLANG_WARN_INT_CONVERSION = YES;
				CLANG_WARN_NON_LITERAL_NULL_CONVERSION = YES;
				CLANG_WARN_OBJC_IMPLICIT_RETAIN_SELF = YES;
				CLANG_WARN_OBJC_LITERAL_CONVERSION = YES;
				CLANG_WARN_OBJC_ROOT_CLASS = YES_ERROR;
				CLANG_WARN_QUOTED_INCLUDE_IN_FRAMEWORK_HEADER = YES;
				CLANG_WARN_RANGE_LOOP_ANALYSIS = YES;
				CLANG_WARN_STRICT_PROTOTYPES = YES;
				CLANG_WARN_SUSPICIOUS_MOVE = YES;
				CLANG_WARN_UNGUARDED_AVAILABILITY = YES_AGGRESSIVE;
				CLANG_WARN_UNREACHABLE_CODE = YES;
				CLANG_WARN__DUPLICATE_METHOD_MATCH = YES;
				COPY_PHASE_STRIP = NO;
				DEBUG_INFORMATION_FORMAT = "dwarf-with-dsym";
				ENABLE_NS_ASSERTIONS = NO;
				ENABLE_STRICT_OBJC_MSGSEND = YES;
				ENABLE_USER_SCRIPT_SANDBOXING = YES;
				GCC_C_LANGUAGE_STANDARD = gnu17;
				GCC_NO_COMMON_BLOCKS = YES;
				GCC_WARN_64_TO_32_BIT_CONVERSION = YES;
				GCC_WARN_ABOUT_RETURN_TYPE = YES_ERROR;
				GCC_WARN_UNDECLARED_SELECTOR = YES;
				GCC_WARN_UNINITIALIZED_AUTOS = YES_AGGRESSIVE;
				GCC_WARN_UNUSED_FUNCTION = YES;
				GCC_WARN_UNUSED_VARIABLE = YES;
				IPHONEOS_DEPLOYMENT_TARGET = 16.0;
				LOCALIZATION_PREFERS_STRING_CATALOGS = YES;
				MTL_ENABLE_DEBUG_INFO = NO;
				MTL_FAST_MATH = YES;
				SDKROOT = iphoneos;
				SWIFT_COMPILATION_MODE = wholemodule;
				VALIDATE_PRODUCT = YES;
			};
			name = Release;
		};
		A01234567890123456789071 /* Debug */ = {
			isa = XCBuildConfiguration;
			buildSettings = {
				ASSETCATALOG_COMPILER_APPICON_NAME = AppIcon;
				ASSETCATALOG_COMPILER_GLOBAL_ACCENT_COLOR_NAME = AccentColor;
				CODE_SIGN_STYLE = Automatic;
				CURRENT_PROJECT_VERSION = 1;
				DEVELOPMENT_ASSET_PATHS = "\"RoomFinderAI/Resources\"";
				ENABLE_PREVIEWS = YES;
				GENERATE_INFOPLIST_FILE = YES;
				INFOPLIST_FILE = RoomFinderAI/Resources/Info.plist;
				INFOPLIST_KEY_UIApplicationSceneManifest_Generation = YES;
				INFOPLIST_KEY_UIApplicationSupportsIndirectInputEvents = YES;
				INFOPLIST_KEY_UILaunchScreen_Generation = YES;
				INFOPLIST_KEY_UISupportedInterfaceOrientations_iPad = "UIInterfaceOrientationPortrait UIInterfaceOrientationPortraitUpsideDown UIInterfaceOrientationLandscapeLeft UIInterfaceOrientationLandscapeRight";
				INFOPLIST_KEY_UISupportedInterfaceOrientations_iPhone = "UIInterfaceOrientationPortrait UIInterfaceOrientationLandscapeLeft UIInterfaceOrientationLandscapeRight";
				IPHONEOS_DEPLOYMENT_TARGET = 16.0;
				LD_RUNPATH_SEARCH_PATHS = (
					"$(inherited)",
					"@executable_path/Frameworks",
				);
				MARKETING_VERSION = 1.0;
				PRODUCT_BUNDLE_IDENTIFIER = com.roomfinderai.app;
				PRODUCT_NAME = "$(TARGET_NAME)";
				SWIFT_EMIT_LOC_STRINGS = YES;
				SWIFT_VERSION = 5.0;
				TARGETED_DEVICE_FAMILY = "1,2";
			};
			name = Debug;
		};
		A01234567890123456789072 /* Release */ = {
			isa = XCBuildConfiguration;
			buildSettings = {
				ASSETCATALOG_COMPILER_APPICON_NAME = AppIcon;
				ASSETCATALOG_COMPILER_GLOBAL_ACCENT_COLOR_NAME = AccentColor;
				CODE_SIGN_STYLE = Automatic;
				CURRENT_PROJECT_VERSION = 1;
				DEVELOPMENT_ASSET_PATHS = "\"RoomFinderAI/Resources\"";
				ENABLE_PREVIEWS = YES;
				GENERATE_INFOPLIST_FILE = YES;
				INFOPLIST_FILE = RoomFinderAI/Resources/Info.plist;
				INFOPLIST_KEY_UIApplicationSceneManifest_Generation = YES;
				INFOPLIST_KEY_UIApplicationSupportsIndirectInputEvents = YES;
				INFOPLIST_KEY_UILaunchScreen_Generation = YES;
				INFOPLIST_KEY_UISupportedInterfaceOrientations_iPad = "UIInterfaceOrientationPortrait UIInterfaceOrientationPortraitUpsideDown UIInterfaceOrientationLandscapeLeft UIInterfaceOrientationLandscapeRight";
				INFOPLIST_KEY_UISupportedInterfaceOrientations_iPhone = "UIInterfaceOrientationPortrait UIInterfaceOrientationLandscapeLeft UIInterfaceOrientationLandscapeRight";
				IPHONEOS_DEPLOYMENT_TARGET = 16.0;
				LD_RUNPATH_SEARCH_PATHS = (
					"$(inherited)",
					"@executable_path/Frameworks",
				);
				MARKETING_VERSION = 1.0;
				PRODUCT_BUNDLE_IDENTIFIER = com.roomfinderai.app;
				PRODUCT_NAME = "$(TARGET_NAME)";
				SWIFT_EMIT_LOC_STRINGS = YES;
				SWIFT_VERSION = 5.0;
				TARGETED_DEVICE_FAMILY = "1,2";
			};
			name = Release;
		};
/* End XCBuildConfiguration section */

/* Begin XCConfigurationList section */
		A01234567890123456789064 /* Build configuration list for PBXNativeTarget "RoomFinderAI" */ = {
			isa = XCConfigurationList;
			buildConfigurations = (
				A01234567890123456789071 /* Debug */,
				A01234567890123456789072 /* Release */,
			);
			defaultConfigurationIsVisible = 0;
			defaultConfigurationName = Release;
		};
		A01234567890123456789068 /* Build configuration list for PBXProject "RoomFinderAI" */ = {
			isa = XCConfigurationList;
			buildConfigurations = (
				A01234567890123456789069 /* Debug */,
				A01234567890123456789070 /* Release */,
			);
			defaultConfigurationIsVisible = 0;
			defaultConfigurationName = Release;
		};
/* End XCConfigurationList section */

/* Begin XCRemoteSwiftPackageReference section */
		31CEAF39151D2026F56D776B /* XCRemoteSwiftPackageReference "supabase-swift" */ = {
			isa = XCRemoteSwiftPackageReference;
			repositoryURL = "https://github.com/supabase/supabase-swift.git";
			requirement = {
				kind = upToNextMajorVersion;
				minimumVersion = 2.0.0;
			};
		};
/* End XCRemoteSwiftPackageReference section */

/* Begin XCSwiftPackageProductDependency section */
		0D67B50174B5916812DE96D9 /* Supabase */ = {
			isa = XCSwiftPackageProductDependency;
			package = 31CEAF39151D2026F56D776B /* XCRemoteSwiftPackageReference "supabase-swift" */;
			productName = Supabase;
		};
/* End XCSwiftPackageProductDependency section */
	};
	rootObject = A01234567890123456789067 /* Project object */;
}
