// !$*UTF8*$!
{
	archiveVersion = 1;
	classes = {
	};
	objectVersion = 56;
	objects = {

/* Begin PBXBuildFile section */
		0266592BADA0BA89051D2A71 /* Constants.swift in Sources */ = {isa = PBXBuildFile; fileRef = 5B5165CEDFF00B8264B5D951 /* Constants.swift */; };
		04F6EE86CB87B4D72BDD02AC /* User.swift in Sources */ = {isa = PBXBuildFile; fileRef = A38D85B09ADEA050A6F9B792 /* User.swift */; };
		096A6021FA826816915CD007 /* ListingsView.swift in Sources */ = {isa = PBXBuildFile; fileRef = 05B934DD516D17477E53D4FB /* ListingsView.swift */; };
		100C2F83CD59B6032F8FC860 /* ListingsViewModel.swift in Sources */ = {isa = PBXBuildFile; fileRef = 96DA192E5BFB2B7BAC3D140C /* ListingsViewModel.swift */; };
		159FF1A8A06BBE5C241B36E2 /* Chat.swift in Sources */ = {isa = PBXBuildFile; fileRef = 8636AB2C5308952905886C30 /* Chat.swift */; };
		1D966D478D8F0DBE67CC31DD /* User.swift in Sources */ = {isa = PBXBuildFile; fileRef = 26B468CF9D7C8CA9B36C6852 /* User.swift */; };
		1E685540248A784254AC5C8D /* SupabaseService.swift in Sources */ = {isa = PBXBuildFile; fileRef = 4E104CE37199E67CFD7B2F37 /* SupabaseService.swift */; };
		2B842288AC16538D7FE4C897 /* PropertyDetailView.swift in Sources */ = {isa = PBXBuildFile; fileRef = AF7B886723A1BEF5BF1B2201 /* PropertyDetailView.swift */; };
		2C551AACCF61D135AD20E781 /* Message.swift in Sources */ = {isa = PBXBuildFile; fileRef = F84273230C2BC8863F2E46E1 /* Message.swift */; };
		3764B04EA552DCDCDACE0AA8 /* Extensions.swift in Sources */ = {isa = PBXBuildFile; fileRef = 395943500391DFFD5BF34FE6 /* Extensions.swift */; };
		4ABD18B569FDDE657C538857 /* SupabaseService.swift in Sources */ = {isa = PBXBuildFile; fileRef = 45444BE0DB84D35D5D2732CC /* SupabaseService.swift */; };
		5531B6BED155C8BA80284681 /* SupabaseEnvironment.swift in Sources */ = {isa = PBXBuildFile; fileRef = CC0788C26DB947E5631B234F /* SupabaseEnvironment.swift */; };
		64AB4768E69C444FE8C37083 /* Message.swift in Sources */ = {isa = PBXBuildFile; fileRef = 495134EF260DC835C01ED3A1 /* Message.swift */; };
		64BE3AE7DE7F51D9BC81C6A7 /* Assets.xcassets in Resources */ = {isa = PBXBuildFile; fileRef = 210F3184D1BED16DC48FF293 /* Assets.xcassets */; };
		6993920585C09C91F678C401 /* ContentView.swift in Sources */ = {isa = PBXBuildFile; fileRef = 7A3EB87A12706535BE45854C /* ContentView.swift */; };
		6C1547D9AFD574D15D8222C7 /* NetworkManager.swift in Sources */ = {isa = PBXBuildFile; fileRef = C63E16258D9EB90F7E5C3709 /* NetworkManager.swift */; };
		6DFE207CC4D9C6043F687F91 /* PropertyDetailView.swift in Sources */ = {isa = PBXBuildFile; fileRef = A11A08E789476108F0C6FF6D /* PropertyDetailView.swift */; };
		7542E53FF8CE28755264AD65 /* Secrets.swift in Sources */ = {isa = PBXBuildFile; fileRef = C18D045D6F1074E9F80E6E28 /* Secrets.swift */; };
		7BD33FE514F2A8C82385F3C3 /* AuthViewModel.swift in Sources */ = {isa = PBXBuildFile; fileRef = D739D02D9A808D290CC93B3F /* AuthViewModel.swift */; };
		82C8C5C551315BC678BCE47B /* SupabaseEnvironment.swift in Sources */ = {isa = PBXBuildFile; fileRef = A5CF461CDF04082ADCF0FDA3 /* SupabaseEnvironment.swift */; };
		8B03AA716371FF7854D1D269 /* Listing.swift in Sources */ = {isa = PBXBuildFile; fileRef = E4E36B72B0FB1025D3BA48AD /* Listing.swift */; };
		8C592230222D22B666619E5C /* RoomFinderAIApp.swift in Sources */ = {isa = PBXBuildFile; fileRef = C1698227DF8243264086880E /* RoomFinderAIApp.swift */; };
		93AB5FC1826794CA81681B9D /* RoomFinderAIApp.swift in Sources */ = {isa = PBXBuildFile; fileRef = F93F66F9BA64112CF9947515 /* RoomFinderAIApp.swift */; };
		93C574F7F0174B404F222A2B /* ListingsView.swift in Sources */ = {isa = PBXBuildFile; fileRef = C510F8F48929ACE51066452E /* ListingsView.swift */; };
		971411DF3AABB68847116937 /* Listing.swift in Sources */ = {isa = PBXBuildFile; fileRef = CE1AA6C9D144BE0DD7F755E3 /* Listing.swift */; };
		9E8A558649CF55DE2C27EC74 /* NetworkManager.swift in Sources */ = {isa = PBXBuildFile; fileRef = 201D2E2CBDCD7FB809BCE6A4 /* NetworkManager.swift */; };
		A01234567890123456789080 /* Supabase in Frameworks */ = {isa = PBXBuildFile; productRef = A01234567890123456789079 /* Supabase */; };
		B0F76F3BB712A34B906C5F51 /* ChatViewModel.swift in Sources */ = {isa = PBXBuildFile; fileRef = 5045AD2B0845AA872EF7662F /* ChatViewModel.swift */; };
		B1B232537FF520A344C0048D /* AuthViewModel.swift in Sources */ = {isa = PBXBuildFile; fileRef = F6BFF343C33055A163E8A5CA /* AuthViewModel.swift */; };
		BF4544A771E034FC018CFE57 /* Extensions.swift in Sources */ = {isa = PBXBuildFile; fileRef = C36E87B4933A50C5154DD2AC /* Extensions.swift */; };
		C6F3025A7097E5E0B19AC82C /* Assets.xcassets in Resources */ = {isa = PBXBuildFile; fileRef = 0FE178984ED6DC0F61F2BC42 /* Assets.xcassets */; };
		E5F1AEDAF06E45D5184DB992 /* Constants.swift in Sources */ = {isa = PBXBuildFile; fileRef = 73A5CA51EAE059853CEBBA51 /* Constants.swift */; };
		E7E35B263CF043CAAC906FCD /* ChatView.swift in Sources */ = {isa = PBXBuildFile; fileRef = 2A1F3E8836C27065555DAB50 /* ChatView.swift */; };
		EA71D878803CE10CA7A31370 /* ContentView.swift in Sources */ = {isa = PBXBuildFile; fileRef = 2B4C7A601B92C6C73EFC1770 /* ContentView.swift */; };
		F28164EBCD9B339C598AEE23 /* ChatViewModel.swift in Sources */ = {isa = PBXBuildFile; fileRef = F6F34243F47B8B85A07CCF1C /* ChatViewModel.swift */; };
		F7837E6A7012C8F0F9C0E54D /* ChatView.swift in Sources */ = {isa = PBXBuildFile; fileRef = FF07B3019767624D43046D43 /* ChatView.swift */; };
		F8981C69E82BF8004B4EF616 /* Chat.swift in Sources */ = {isa = PBXBuildFile; fileRef = 2FC5363024DE984C0282DD6E /* Chat.swift */; };
		F9C6A728F712DA03EF1C6E91 /* Secrets.swift in Sources */ = {isa = PBXBuildFile; fileRef = AA3C88E34ECA9942F19DA122 /* Secrets.swift */; };
		FCFAB91010B7A5DC561202EC /* ListingsViewModel.swift in Sources */ = {isa = PBXBuildFile; fileRef = 3A3B0A4B2C2C71E8F9842606 /* ListingsViewModel.swift */; };
/* End PBXBuildFile section */

/* Begin PBXFileReference section */
		05B934DD516D17477E53D4FB /* ListingsView.swift */ = {isa = PBXFileReference; includeInIndex = 1; lastKnownFileType = sourcecode.swift; path = ListingsView.swift; sourceTree = "<group>"; };
		0A2E5EBDA6C17305A3DDD6ED /* Info.plist */ = {isa = PBXFileReference; includeInIndex = 1; lastKnownFileType = text.plist.xml; path = Info.plist; sourceTree = "<group>"; };
		0FE178984ED6DC0F61F2BC42 /* Assets.xcassets */ = {isa = PBXFileReference; includeInIndex = 1; lastKnownFileType = folder.assetcatalog; name = Assets.xcassets; path = RoomFinderAI/Resources/Assets.xcassets; sourceTree = "<group>"; };
		201D2E2CBDCD7FB809BCE6A4 /* NetworkManager.swift */ = {isa = PBXFileReference; includeInIndex = 1; lastKnownFileType = sourcecode.swift; name = NetworkManager.swift; path = RoomFinderAI/Services/NetworkManager.swift; sourceTree = "<group>"; };
		210F3184D1BED16DC48FF293 /* Assets.xcassets */ = {isa = PBXFileReference; includeInIndex = 1; lastKnownFileType = folder.assetcatalog; path = Assets.xcassets; sourceTree = "<group>"; };
		25FB567DF961D83FEA2DBE2E /* Secrets.swift */ = {isa = PBXFileReference; includeInIndex = 1; lastKnownFileType = sourcecode.swift; path = Secrets.swift; sourceTree = "<group>"; };
		26B468CF9D7C8CA9B36C6852 /* User.swift */ = {isa = PBXFileReference; includeInIndex = 1; lastKnownFileType = sourcecode.swift; path = User.swift; sourceTree = "<group>"; };
		2A1F3E8836C27065555DAB50 /* ChatView.swift */ = {isa = PBXFileReference; includeInIndex = 1; lastKnownFileType = sourcecode.swift; path = ChatView.swift; sourceTree = "<group>"; };
		2B4C7A601B92C6C73EFC1770 /* ContentView.swift */ = {isa = PBXFileReference; includeInIndex = 1; lastKnownFileType = sourcecode.swift; name = ContentView.swift; path = RoomFinderAI/ContentView.swift; sourceTree = "<group>"; };
		2FC5363024DE984C0282DD6E /* Chat.swift */ = {isa = PBXFileReference; includeInIndex = 1; lastKnownFileType = sourcecode.swift; path = Chat.swift; sourceTree = "<group>"; };
		31C59D2250B6FCAA5061A97C /* SupabaseEnvironment.swift */ = {isa = PBXFileReference; includeInIndex = 1; lastKnownFileType = sourcecode.swift; path = SupabaseEnvironment.swift; sourceTree = "<group>"; };
		395943500391DFFD5BF34FE6 /* Extensions.swift */ = {isa = PBXFileReference; includeInIndex = 1; lastKnownFileType = sourcecode.swift; path = Extensions.swift; sourceTree = "<group>"; };
		3A3B0A4B2C2C71E8F9842606 /* ListingsViewModel.swift */ = {isa = PBXFileReference; includeInIndex = 1; lastKnownFileType = sourcecode.swift; path = ListingsViewModel.swift; sourceTree = "<group>"; };
		45444BE0DB84D35D5D2732CC /* SupabaseService.swift */ = {isa = PBXFileReference; includeInIndex = 1; lastKnownFileType = sourcecode.swift; path = SupabaseService.swift; sourceTree = "<group>"; };
		495134EF260DC835C01ED3A1 /* Message.swift */ = {isa = PBXFileReference; includeInIndex = 1; lastKnownFileType = sourcecode.swift; name = Message.swift; path = RoomFinderAI/Models/Message.swift; sourceTree = "<group>"; };
		4E104CE37199E67CFD7B2F37 /* SupabaseService.swift */ = {isa = PBXFileReference; includeInIndex = 1; lastKnownFileType = sourcecode.swift; name = SupabaseService.swift; path = RoomFinderAI/Services/SupabaseService.swift; sourceTree = "<group>"; };
		4F5CAA62D6FA4FA6C9CD2DBE /* RoomFinderAIApp.swift */ = {isa = PBXFileReference; includeInIndex = 1; lastKnownFileType = sourcecode.swift; path = RoomFinderAIApp.swift; sourceTree = "<group>"; };
		5045AD2B0845AA872EF7662F /* ChatViewModel.swift */ = {isa = PBXFileReference; includeInIndex = 1; lastKnownFileType = sourcecode.swift; name = ChatViewModel.swift; path = RoomFinderAI/Services/ChatViewModel.swift; sourceTree = "<group>"; };
		5B5165CEDFF00B8264B5D951 /* Constants.swift */ = {isa = PBXFileReference; includeInIndex = 1; lastKnownFileType = sourcecode.swift; name = Constants.swift; path = RoomFinderAI/Utils/Constants.swift; sourceTree = "<group>"; };
		73A5CA51EAE059853CEBBA51 /* Constants.swift */ = {isa = PBXFileReference; includeInIndex = 1; lastKnownFileType = sourcecode.swift; path = Constants.swift; sourceTree = "<group>"; };
		7A3EB87A12706535BE45854C /* ContentView.swift */ = {isa = PBXFileReference; includeInIndex = 1; lastKnownFileType = sourcecode.swift; path = ContentView.swift; sourceTree = "<group>"; };
		8532EED073A2A276605F30C6 /* Assets.xcassets */ = {isa = PBXFileReference; includeInIndex = 1; lastKnownFileType = folder.assetcatalog; path = Assets.xcassets; sourceTree = "<group>"; };
		8636AB2C5308952905886C30 /* Chat.swift */ = {isa = PBXFileReference; includeInIndex = 1; lastKnownFileType = sourcecode.swift; name = Chat.swift; path = RoomFinderAI/Models/Chat.swift; sourceTree = "<group>"; };
		96DA192E5BFB2B7BAC3D140C /* ListingsViewModel.swift */ = {isa = PBXFileReference; includeInIndex = 1; lastKnownFileType = sourcecode.swift; name = ListingsViewModel.swift; path = RoomFinderAI/Services/ListingsViewModel.swift; sourceTree = "<group>"; };
		A11A08E789476108F0C6FF6D /* PropertyDetailView.swift */ = {isa = PBXFileReference; includeInIndex = 1; lastKnownFileType = sourcecode.swift; path = PropertyDetailView.swift; sourceTree = "<group>"; };
		A38D85B09ADEA050A6F9B792 /* User.swift */ = {isa = PBXFileReference; includeInIndex = 1; lastKnownFileType = sourcecode.swift; name = User.swift; path = RoomFinderAI/Models/User.swift; sourceTree = "<group>"; };
		A5CF461CDF04082ADCF0FDA3 /* SupabaseEnvironment.swift */ = {isa = PBXFileReference; includeInIndex = 1; lastKnownFileType = sourcecode.swift; path = SupabaseEnvironment.swift; sourceTree = "<group>"; };
		AA3C88E34ECA9942F19DA122 /* Secrets.swift */ = {isa = PBXFileReference; includeInIndex = 1; lastKnownFileType = sourcecode.swift; name = Secrets.swift; path = RoomFinderAI/Services/Secrets.swift; sourceTree = "<group>"; };
		AF7B886723A1BEF5BF1B2201 /* PropertyDetailView.swift */ = {isa = PBXFileReference; includeInIndex = 1; lastKnownFileType = sourcecode.swift; name = PropertyDetailView.swift; path = RoomFinderAI/Views/PropertyDetailView.swift; sourceTree = "<group>"; };
		C1698227DF8243264086880E /* RoomFinderAIApp.swift */ = {isa = PBXFileReference; includeInIndex = 1; lastKnownFileType = sourcecode.swift; path = RoomFinderAIApp.swift; sourceTree = "<group>"; };
		C18D045D6F1074E9F80E6E28 /* Secrets.swift */ = {isa = PBXFileReference; includeInIndex = 1; lastKnownFileType = sourcecode.swift; path = Secrets.swift; sourceTree = "<group>"; };
		C36E87B4933A50C5154DD2AC /* Extensions.swift */ = {isa = PBXFileReference; includeInIndex = 1; lastKnownFileType = sourcecode.swift; name = Extensions.swift; path = RoomFinderAI/Utils/Extensions.swift; sourceTree = "<group>"; };
		C510F8F48929ACE51066452E /* ListingsView.swift */ = {isa = PBXFileReference; includeInIndex = 1; lastKnownFileType = sourcecode.swift; name = ListingsView.swift; path = RoomFinderAI/Views/ListingsView.swift; sourceTree = "<group>"; };
		C63E16258D9EB90F7E5C3709 /* NetworkManager.swift */ = {isa = PBXFileReference; includeInIndex = 1; lastKnownFileType = sourcecode.swift; path = NetworkManager.swift; sourceTree = "<group>"; };
		CC0788C26DB947E5631B234F /* SupabaseEnvironment.swift */ = {isa = PBXFileReference; includeInIndex = 1; lastKnownFileType = sourcecode.swift; name = SupabaseEnvironment.swift; path = RoomFinderAI/SupabaseEnvironment.swift; sourceTree = "<group>"; };
		CE1AA6C9D144BE0DD7F755E3 /* Listing.swift */ = {isa = PBXFileReference; includeInIndex = 1; lastKnownFileType = sourcecode.swift; path = Listing.swift; sourceTree = "<group>"; };
		D739D02D9A808D290CC93B3F /* AuthViewModel.swift */ = {isa = PBXFileReference; includeInIndex = 1; lastKnownFileType = sourcecode.swift; name = AuthViewModel.swift; path = RoomFinderAI/Services/AuthViewModel.swift; sourceTree = "<group>"; };
		E4E36B72B0FB1025D3BA48AD /* Listing.swift */ = {isa = PBXFileReference; includeInIndex = 1; lastKnownFileType = sourcecode.swift; name = Listing.swift; path = RoomFinderAI/Models/Listing.swift; sourceTree = "<group>"; };
		F6BFF343C33055A163E8A5CA /* AuthViewModel.swift */ = {isa = PBXFileReference; includeInIndex = 1; lastKnownFileType = sourcecode.swift; path = AuthViewModel.swift; sourceTree = "<group>"; };
		F6F34243F47B8B85A07CCF1C /* ChatViewModel.swift */ = {isa = PBXFileReference; includeInIndex = 1; lastKnownFileType = sourcecode.swift; path = ChatViewModel.swift; sourceTree = "<group>"; };
		F84273230C2BC8863F2E46E1 /* Message.swift */ = {isa = PBXFileReference; includeInIndex = 1; lastKnownFileType = sourcecode.swift; path = Message.swift; sourceTree = "<group>"; };
		F93F66F9BA64112CF9947515 /* RoomFinderAIApp.swift */ = {isa = PBXFileReference; includeInIndex = 1; lastKnownFileType = sourcecode.swift; name = RoomFinderAIApp.swift; path = RoomFinderAI/RoomFinderAIApp.swift; sourceTree = "<group>"; };
		FF07B3019767624D43046D43 /* ChatView.swift */ = {isa = PBXFileReference; includeInIndex = 1; lastKnownFileType = sourcecode.swift; name = ChatView.swift; path = RoomFinderAI/Views/ChatView.swift; sourceTree = "<group>"; };
/* End PBXFileReference section */

/* Begin PBXFrameworksBuildPhase section */
		A01234567890123456789054 /* Frameworks */ = {
			isa = PBXFrameworksBuildPhase;
			buildActionMask = 2147483647;
			files = (
				A01234567890123456789080 /* Supabase in Frameworks */,
			);
			runOnlyForDeploymentPostprocessing = 0;
		};
/* End PBXFrameworksBuildPhase section */

/* Begin PBXGroup section */
		0EFFE0800B33B338915A5E90 /* Products */ = {
			isa = PBXGroup;
			children = (
			);
			name = Products;
			sourceTree = "<group>";
		};
		636C393C71C6C5A74B2D1A62 /* Resources */ = {
			isa = PBXGroup;
			children = (
				0A2E5EBDA6C17305A3DDD6ED /* Info.plist */,
				8532EED073A2A276605F30C6 /* Assets.xcassets */,
			);
			name = Resources;
			path = Resources;
			sourceTree = "<group>";
		};
		A01234567890123456789055 = {
			isa = PBXGroup;
			children = (
				B5DAE2B251242DAEAD8D5D83 /* RoomFinderAI */,
				0EFFE0800B33B338915A5E90 /* Products */,
			);
			sourceTree = "<group>";
		};
		A01234567890123456789057 /* Products */ = {
			isa = PBXGroup;
			children = (
			);
			name = Products;
			sourceTree = "<group>";
		};
		B5DAE2B251242DAEAD8D5D83 /* RoomFinderAI */ = {
			isa = PBXGroup;
			children = (
				4F5CAA62D6FA4FA6C9CD2DBE /* RoomFinderAIApp.swift */,
				25FB567DF961D83FEA2DBE2E /* Secrets.swift */,
				31C59D2250B6FCAA5061A97C /* SupabaseEnvironment.swift */,
				636C393C71C6C5A74B2D1A62 /* Resources */,
			);
			name = RoomFinderAI;
			path = RoomFinderAI;
			sourceTree = "<group>";
		};
/* End PBXGroup section */

/* Begin PBXNativeTarget section */
		A01234567890123456789063 /* RoomFinderAI */ = {
			isa = PBXNativeTarget;
			buildConfigurationList = A01234567890123456789064 /* Build configuration list for PBXNativeTarget "RoomFinderAI" */;
			buildPhases = (
				A01234567890123456789065 /* Sources */,
				A01234567890123456789054 /* Frameworks */,
				A01234567890123456789066 /* Resources */,
			);
			buildRules = (
			);
			dependencies = (
			);
			name = RoomFinderAI;
			packageProductDependencies = (
				A01234567890123456789079 /* Supabase */,
			);
			productName = RoomFinderAI;
			productType = "com.apple.product-type.application";
		};
/* End PBXNativeTarget section */

/* Begin PBXProject section */
		A01234567890123456789067 /* Project object */ = {
			isa = PBXProject;
			attributes = {
				BuildIndependentTargetsInParallel = 1;
				LastSwiftUpdateCheck = 1500;
				LastUpgradeCheck = 1500;
				TargetAttributes = {
					A01234567890123456789063 = {
						CreatedOnToolsVersion = 15.0;
					};
				};
			};
			buildConfigurationList = A01234567890123456789068 /* Build configuration list for PBXProject "RoomFinderAI" */;
			compatibilityVersion = "Xcode 14.0";
			developmentRegion = en;
			hasScannedForEncodings = 0;
			knownRegions = (
				en,
				Base,
			);
			mainGroup = A01234567890123456789055;
			packageReferences = (
				A01234567890123456789078 /* XCRemoteSwiftPackageReference "supabase-swift" */,
			);
			productRefGroup = A01234567890123456789057 /* Products */;
			projectDirPath = "";
			projectRoot = "";
			targets = (
				A01234567890123456789063 /* RoomFinderAI */,
			);
		};
/* End PBXProject section */

/* Begin PBXResourcesBuildPhase section */
		A01234567890123456789066 /* Resources */ = {
			isa = PBXResourcesBuildPhase;
			buildActionMask = 2147483647;
			files = (
				C6F3025A7097E5E0B19AC82C /* Assets.xcassets in Resources */,
				64BE3AE7DE7F51D9BC81C6A7 /* Assets.xcassets in Resources */,
			);
			runOnlyForDeploymentPostprocessing = 0;
		};
/* End PBXResourcesBuildPhase section */

/* Begin PBXSourcesBuildPhase section */
		A01234567890123456789065 /* Sources */ = {
			isa = PBXSourcesBuildPhase;
			buildActionMask = 2147483647;
			files = (
				0266592BADA0BA89051D2A71 /* Constants.swift in Sources */,
				BF4544A771E034FC018CFE57 /* Extensions.swift in Sources */,
				159FF1A8A06BBE5C241B36E2 /* Chat.swift in Sources */,
				64AB4768E69C444FE8C37083 /* Message.swift in Sources */,
				04F6EE86CB87B4D72BDD02AC /* User.swift in Sources */,
				8B03AA716371FF7854D1D269 /* Listing.swift in Sources */,
				5531B6BED155C8BA80284681 /* SupabaseEnvironment.swift in Sources */,
				93AB5FC1826794CA81681B9D /* RoomFinderAIApp.swift in Sources */,
				2B842288AC16538D7FE4C897 /* PropertyDetailView.swift in Sources */,
				93C574F7F0174B404F222A2B /* ListingsView.swift in Sources */,
				F7837E6A7012C8F0F9C0E54D /* ChatView.swift in Sources */,
				EA71D878803CE10CA7A31370 /* ContentView.swift in Sources */,
				B0F76F3BB712A34B906C5F51 /* ChatViewModel.swift in Sources */,
				9E8A558649CF55DE2C27EC74 /* NetworkManager.swift in Sources */,
				7BD33FE514F2A8C82385F3C3 /* AuthViewModel.swift in Sources */,
				F9C6A728F712DA03EF1C6E91 /* Secrets.swift in Sources */,
				100C2F83CD59B6032F8FC860 /* ListingsViewModel.swift in Sources */,
				1E685540248A784254AC5C8D /* SupabaseService.swift in Sources */,
				096A6021FA826816915CD007 /* ListingsView.swift in Sources */,
				6DFE207CC4D9C6043F687F91 /* PropertyDetailView.swift in Sources */,
				E7E35B263CF043CAAC906FCD /* ChatView.swift in Sources */,
				1D966D478D8F0DBE67CC31DD /* User.swift in Sources */,
				971411DF3AABB68847116937 /* Listing.swift in Sources */,
				F8981C69E82BF8004B4EF616 /* Chat.swift in Sources */,
				2C551AACCF61D135AD20E781 /* Message.swift in Sources */,
				E5F1AEDAF06E45D5184DB992 /* Constants.swift in Sources */,
				3764B04EA552DCDCDACE0AA8 /* Extensions.swift in Sources */,
				B1B232537FF520A344C0048D /* AuthViewModel.swift in Sources */,
				F28164EBCD9B339C598AEE23 /* ChatViewModel.swift in Sources */,
				FCFAB91010B7A5DC561202EC /* ListingsViewModel.swift in Sources */,
				6C1547D9AFD574D15D8222C7 /* NetworkManager.swift in Sources */,
				7542E53FF8CE28755264AD65 /* Secrets.swift in Sources */,
				4ABD18B569FDDE657C538857 /* SupabaseService.swift in Sources */,
				8C592230222D22B666619E5C /* RoomFinderAIApp.swift in Sources */,
				6993920585C09C91F678C401 /* ContentView.swift in Sources */,
				82C8C5C551315BC678BCE47B /* SupabaseEnvironment.swift in Sources */,
			);
			runOnlyForDeploymentPostprocessing = 0;
		};
/* End PBXSourcesBuildPhase section */

/* Begin XCBuildConfiguration section */
		A01234567890123456789069 /* Debug */ = {
			isa = XCBuildConfiguration;
			buildSettings = {
				ALWAYS_SEARCH_USER_PATHS = NO;
				ASSETCATALOG_COMPILER_GENERATE_SWIFT_ASSET_SYMBOL_EXTENSIONS = YES;
				CLANG_ANALYZER_NONNULL = YES;
				CLANG_ANALYZER_NUMBER_OBJECT_CONVERSION = YES_AGGRESSIVE;
				CLANG_CXX_LANGUAGE_STANDARD = "gnu++20";
				CLANG_ENABLE_MODULES = YES;
				CLANG_ENABLE_OBJC_ARC = YES;
				CLANG_ENABLE_OBJC_WEAK = YES;
				CLANG_WARN_BLOCK_CAPTURE_AUTORELEASING = YES;
				CLANG_WARN_BOOL_CONVERSION = YES;
				CLANG_WARN_COMMA = YES;
				CLANG_WARN_CONSTANT_CONVERSION = YES;
				CLANG_WARN_DEPRECATED_OBJC_IMPLEMENTATIONS = YES;
				CLANG_WARN_DIRECT_OBJC_ISA_USAGE = YES_ERROR;
				CLANG_WARN_DOCUMENTATION_COMMENTS = YES;
				CLANG_WARN_EMPTY_BODY = YES;
				CLANG_WARN_ENUM_CONVERSION = YES;
				CLANG_WARN_INFINITE_RECURSION = YES;
				CLANG_WARN_INT_CONVERSION = YES;
				CLANG_WARN_NON_LITERAL_NULL_CONVERSION = YES;
				CLANG_WARN_OBJC_IMPLICIT_RETAIN_SELF = YES;
				CLANG_WARN_OBJC_LITERAL_CONVERSION = YES;
				CLANG_WARN_OBJC_ROOT_CLASS = YES_ERROR;
				CLANG_WARN_QUOTED_INCLUDE_IN_FRAMEWORK_HEADER = YES;
				CLANG_WARN_RANGE_LOOP_ANALYSIS = YES;
				CLANG_WARN_STRICT_PROTOTYPES = YES;
				CLANG_WARN_SUSPICIOUS_MOVE = YES;
				CLANG_WARN_UNGUARDED_AVAILABILITY = YES_AGGRESSIVE;
				CLANG_WARN_UNREACHABLE_CODE = YES;
				CLANG_WARN__DUPLICATE_METHOD_MATCH = YES;
				COPY_PHASE_STRIP = NO;
				DEBUG_INFORMATION_FORMAT = dwarf;
				ENABLE_STRICT_OBJC_MSGSEND = YES;
				ENABLE_TESTABILITY = YES;
				ENABLE_USER_SCRIPT_SANDBOXING = YES;
				GCC_C_LANGUAGE_STANDARD = gnu17;
				GCC_DYNAMIC_NO_PIC = NO;
				GCC_NO_COMMON_BLOCKS = YES;
				GCC_OPTIMIZATION_LEVEL = 0;
				GCC_PREPROCESSOR_DEFINITIONS = (
					"DEBUG=1",
					"$(inherited)",
				);
				GCC_WARN_64_TO_32_BIT_CONVERSION = YES;
				GCC_WARN_ABOUT_RETURN_TYPE = YES_ERROR;
				GCC_WARN_UNDECLARED_SELECTOR = YES;
				GCC_WARN_UNINITIALIZED_AUTOS = YES_AGGRESSIVE;
				GCC_WARN_UNUSED_FUNCTION = YES;
				GCC_WARN_UNUSED_VARIABLE = YES;
				IPHONEOS_DEPLOYMENT_TARGET = 16.0;
				LOCALIZATION_PREFERS_STRING_CATALOGS = YES;
				MTL_ENABLE_DEBUG_INFO = INCLUDE_SOURCE;
				MTL_FAST_MATH = YES;
				ONLY_ACTIVE_ARCH = YES;
				SDKROOT = iphoneos;
				SWIFT_ACTIVE_COMPILATION_CONDITIONS = "DEBUG $(inherited)";
				SWIFT_OPTIMIZATION_LEVEL = "-Onone";
			};
			name = Debug;
		};
		A01234567890123456789070 /* Release */ = {
			isa = XCBuildConfiguration;
			buildSettings = {
				ALWAYS_SEARCH_USER_PATHS = NO;
				ASSETCATALOG_COMPILER_GENERATE_SWIFT_ASSET_SYMBOL_EXTENSIONS = YES;
				CLANG_ANALYZER_NONNULL = YES;
				CLANG_ANALYZER_NUMBER_OBJECT_CONVERSION = YES_AGGRESSIVE;
				CLANG_CXX_LANGUAGE_STANDARD = "gnu++20";
				CLANG_ENABLE_MODULES = YES;
				CLANG_ENABLE_OBJC_ARC = YES;
				CLANG_ENABLE_OBJC_WEAK = YES;
				CLANG_WARN_BLOCK_CAPTURE_AUTORELEASING = YES;
				CLANG_WARN_BOOL_CONVERSION = YES;
				CLANG_WARN_COMMA = YES;
				CLANG_WARN_CONSTANT_CONVERSION = YES;
				CLANG_WARN_DEPRECATED_OBJC_IMPLEMENTATIONS = YES;
				CLANG_WARN_DIRECT_OBJC_ISA_USAGE = YES_ERROR;
				CLANG_WARN_DOCUMENTATION_COMMENTS = YES;
				CLANG_WARN_EMPTY_BODY = YES;
				CLANG_WARN_ENUM_CONVERSION = YES;
				CLANG_WARN_INFINITE_RECURSION = YES;
				CLANG_WARN_INT_CONVERSION = YES;
				CLANG_WARN_NON_LITERAL_NULL_CONVERSION = YES;
				CLANG_WARN_OBJC_IMPLICIT_RETAIN_SELF = YES;
				CLANG_WARN_OBJC_LITERAL_CONVERSION = YES;
				CLANG_WARN_OBJC_ROOT_CLASS = YES_ERROR;
				CLANG_WARN_QUOTED_INCLUDE_IN_FRAMEWORK_HEADER = YES;
				CLANG_WARN_RANGE_LOOP_ANALYSIS = YES;
				CLANG_WARN_STRICT_PROTOTYPES = YES;
				CLANG_WARN_SUSPICIOUS_MOVE = YES;
				CLANG_WARN_UNGUARDED_AVAILABILITY = YES_AGGRESSIVE;
				CLANG_WARN_UNREACHABLE_CODE = YES;
				CLANG_WARN__DUPLICATE_METHOD_MATCH = YES;
				COPY_PHASE_STRIP = NO;
				DEBUG_INFORMATION_FORMAT = "dwarf-with-dsym";
				ENABLE_NS_ASSERTIONS = NO;
				ENABLE_STRICT_OBJC_MSGSEND = YES;
				ENABLE_USER_SCRIPT_SANDBOXING = YES;
				GCC_C_LANGUAGE_STANDARD = gnu17;
				GCC_NO_COMMON_BLOCKS = YES;
				GCC_WARN_64_TO_32_BIT_CONVERSION = YES;
				GCC_WARN_ABOUT_RETURN_TYPE = YES_ERROR;
				GCC_WARN_UNDECLARED_SELECTOR = YES;
				GCC_WARN_UNINITIALIZED_AUTOS = YES_AGGRESSIVE;
				GCC_WARN_UNUSED_FUNCTION = YES;
				GCC_WARN_UNUSED_VARIABLE = YES;
				IPHONEOS_DEPLOYMENT_TARGET = 16.0;
				LOCALIZATION_PREFERS_STRING_CATALOGS = YES;
				MTL_ENABLE_DEBUG_INFO = NO;
				MTL_FAST_MATH = YES;
				SDKROOT = iphoneos;
				SWIFT_COMPILATION_MODE = wholemodule;
				VALIDATE_PRODUCT = YES;
			};
			name = Release;
		};
		A01234567890123456789071 /* Debug */ = {
			isa = XCBuildConfiguration;
			buildSettings = {
				ASSETCATALOG_COMPILER_APPICON_NAME = AppIcon;
				ASSETCATALOG_COMPILER_GLOBAL_ACCENT_COLOR_NAME = AccentColor;
				CODE_SIGN_STYLE = Automatic;
				CURRENT_PROJECT_VERSION = 1;
				DEVELOPMENT_ASSET_PATHS = "\"RoomFinderAI/Resources\"";
				ENABLE_PREVIEWS = YES;
				GENERATE_INFOPLIST_FILE = YES;
				INFOPLIST_FILE = RoomFinderAI/Resources/Info.plist;
				INFOPLIST_KEY_UIApplicationSceneManifest_Generation = YES;
				INFOPLIST_KEY_UIApplicationSupportsIndirectInputEvents = YES;
				INFOPLIST_KEY_UILaunchScreen_Generation = YES;
				INFOPLIST_KEY_UISupportedInterfaceOrientations_iPad = "UIInterfaceOrientationPortrait UIInterfaceOrientationPortraitUpsideDown UIInterfaceOrientationLandscapeLeft UIInterfaceOrientationLandscapeRight";
				INFOPLIST_KEY_UISupportedInterfaceOrientations_iPhone = "UIInterfaceOrientationPortrait UIInterfaceOrientationLandscapeLeft UIInterfaceOrientationLandscapeRight";
				IPHONEOS_DEPLOYMENT_TARGET = 16.0;
				LD_RUNPATH_SEARCH_PATHS = (
					"$(inherited)",
					"@executable_path/Frameworks",
				);
				MARKETING_VERSION = 1.0;
				PRODUCT_BUNDLE_IDENTIFIER = com.roomfinderai.app;
				PRODUCT_NAME = "$(TARGET_NAME)";
				SWIFT_EMIT_LOC_STRINGS = YES;
				SWIFT_VERSION = 5.0;
				TARGETED_DEVICE_FAMILY = "1,2";
			};
			name = Debug;
		};
		A01234567890123456789072 /* Release */ = {
			isa = XCBuildConfiguration;
			buildSettings = {
				ASSETCATALOG_COMPILER_APPICON_NAME = AppIcon;
				ASSETCATALOG_COMPILER_GLOBAL_ACCENT_COLOR_NAME = AccentColor;
				CODE_SIGN_STYLE = Automatic;
				CURRENT_PROJECT_VERSION = 1;
				DEVELOPMENT_ASSET_PATHS = "\"RoomFinderAI/Resources\"";
				ENABLE_PREVIEWS = YES;
				GENERATE_INFOPLIST_FILE = YES;
				INFOPLIST_FILE = RoomFinderAI/Resources/Info.plist;
				INFOPLIST_KEY_UIApplicationSceneManifest_Generation = YES;
				INFOPLIST_KEY_UIApplicationSupportsIndirectInputEvents = YES;
				INFOPLIST_KEY_UILaunchScreen_Generation = YES;
				INFOPLIST_KEY_UISupportedInterfaceOrientations_iPad = "UIInterfaceOrientationPortrait UIInterfaceOrientationPortraitUpsideDown UIInterfaceOrientationLandscapeLeft UIInterfaceOrientationLandscapeRight";
				INFOPLIST_KEY_UISupportedInterfaceOrientations_iPhone = "UIInterfaceOrientationPortrait UIInterfaceOrientationLandscapeLeft UIInterfaceOrientationLandscapeRight";
				IPHONEOS_DEPLOYMENT_TARGET = 16.0;
				LD_RUNPATH_SEARCH_PATHS = (
					"$(inherited)",
					"@executable_path/Frameworks",
				);
				MARKETING_VERSION = 1.0;
				PRODUCT_BUNDLE_IDENTIFIER = com.roomfinderai.app;
				PRODUCT_NAME = "$(TARGET_NAME)";
				SWIFT_EMIT_LOC_STRINGS = YES;
				SWIFT_VERSION = 5.0;
				TARGETED_DEVICE_FAMILY = "1,2";
			};
			name = Release;
		};
/* End XCBuildConfiguration section */

/* Begin XCConfigurationList section */
		A01234567890123456789064 /* Build configuration list for PBXNativeTarget "RoomFinderAI" */ = {
			isa = XCConfigurationList;
			buildConfigurations = (
				A01234567890123456789071 /* Debug */,
				A01234567890123456789072 /* Release */,
			);
			defaultConfigurationIsVisible = 0;
			defaultConfigurationName = Release;
		};
		A01234567890123456789068 /* Build configuration list for PBXProject "RoomFinderAI" */ = {
			isa = XCConfigurationList;
			buildConfigurations = (
				A01234567890123456789069 /* Debug */,
				A01234567890123456789070 /* Release */,
			);
			defaultConfigurationIsVisible = 0;
			defaultConfigurationName = Release;
		};
/* End XCConfigurationList section */

/* Begin XCRemoteSwiftPackageReference section */
		A01234567890123456789078 /* XCRemoteSwiftPackageReference "supabase-swift" */ = {
			isa = XCRemoteSwiftPackageReference;
			repositoryURL = "https://github.com/supabase/supabase-swift.git";
			requirement = {
				kind = upToNextMajorVersion;
				minimumVersion = 2.0.0;
			};
		};
/* End XCRemoteSwiftPackageReference section */

/* Begin XCSwiftPackageProductDependency section */
		A01234567890123456789079 /* Supabase */ = {
			isa = XCSwiftPackageProductDependency;
			package = A01234567890123456789078 /* XCRemoteSwiftPackageReference "supabase-swift" */;
			productName = Supabase;
		};
/* End XCSwiftPackageProductDependency section */
	};
	rootObject = A01234567890123456789067 /* Project object */;
}
