// !$*UTF8*$!
{
	archiveVersion = 1;
	classes = {
	};
	objectVersion = 56;
	objects = {

/* Begin PBXBuildFile section */
		8AFBDA39573E82E25023E636 /* Secrets.swift in Sources */ = {isa = PBXBuildFile; fileRef = CA904BF9103D50FAA3DF4316 /* Secrets.swift */; };
		A01234567890123456789012 /* RoomFinderAIApp.swift in Sources */ = {isa = PBXBuildFile; fileRef = A01234567890123456789011 /* RoomFinderAIApp.swift */; };
		A01234567890123456789014 /* ContentView.swift in Sources */ = {isa = PBXBuildFile; fileRef = A01234567890123456789013 /* ContentView.swift */; };
		A01234567890123456789016 /* Assets.xcassets in Resources */ = {isa = PBXBuildFile; fileRef = A01234567890123456789015 /* Assets.xcassets */; };
		A01234567890123456789028 /* LoginView.swift in Sources */ = {isa = PBXBuildFile; fileRef = A01234567890123456789027 /* LoginView.swift */; };
		A01234567890123456789030 /* SignUpView.swift in Sources */ = {isa = PBXBuildFile; fileRef = A01234567890123456789029 /* SignUpView.swift */; };
		A01234567890123456789032 /* DashboardView.swift in Sources */ = {isa = PBXBuildFile; fileRef = A01234567890123456789031 /* DashboardView.swift */; };
		A01234567890123456789034 /* ListingsView.swift in Sources */ = {isa = PBXBuildFile; fileRef = A01234567890123456789033 /* ListingsView.swift */; };
		A01234567890123456789036 /* PropertyDetailView.swift in Sources */ = {isa = PBXBuildFile; fileRef = A01234567890123456789035 /* PropertyDetailView.swift */; };
		A01234567890123456789040 /* ProfileView.swift in Sources */ = {isa = PBXBuildFile; fileRef = A01234567890123456789039 /* ProfileView.swift */; };
		A01234567890123456789042 /* User.swift in Sources */ = {isa = PBXBuildFile; fileRef = A01234567890123456789041 /* User.swift */; };
		A01234567890123456789044 /* Listing.swift in Sources */ = {isa = PBXBuildFile; fileRef = A01234567890123456789043 /* Listing.swift */; };
		A01234567890123456789050 /* Constants.swift in Sources */ = {isa = PBXBuildFile; fileRef = A01234567890123456789049 /* Constants.swift */; };
		A01234567890123456789052 /* Extensions.swift in Sources */ = {isa = PBXBuildFile; fileRef = A01234567890123456789051 /* Extensions.swift */; };
		A50AFB70B1443CDFDD91B21E /* SupabaseEnvironment.swift in Sources */ = {isa = PBXBuildFile; fileRef = 6C41CDEF8170C034E709D60D /* SupabaseEnvironment.swift */; };
		BE25A511F760CC65FB96DA03 /* ErrorHandler.swift in Sources */ = {isa = PBXBuildFile; fileRef = 82CE0923B188921096C93506 /* ErrorHandler.swift */; };
/* End PBXBuildFile section */

/* Begin PBXFileReference section */
		6C41CDEF8170C034E709D60D /* SupabaseEnvironment.swift */ = {isa = PBXFileReference; includeInIndex = 1; lastKnownFileType = sourcecode.swift; path = SupabaseEnvironment.swift; sourceTree = "<group>"; };
		82CE0923B188921096C93506 /* ErrorHandler.swift */ = {isa = PBXFileReference; includeInIndex = 1; lastKnownFileType = sourcecode.swift; name = ErrorHandler.swift; path = RoomFinderAI/Source/RoomFinderAI/Utils/ErrorHandler.swift; sourceTree = "<group>"; };
		A01234567890123456789000 /* RoomFinderAI.app */ = {isa = PBXFileReference; explicitFileType = wrapper.application; includeInIndex = 0; path = RoomFinderAI.app; sourceTree = BUILT_PRODUCTS_DIR; };
		A01234567890123456789011 /* RoomFinderAIApp.swift */ = {isa = PBXFileReference; lastKnownFileType = sourcecode.swift; path = RoomFinderAIApp.swift; sourceTree = "<group>"; };
		A01234567890123456789013 /* ContentView.swift */ = {isa = PBXFileReference; lastKnownFileType = sourcecode.swift; path = ContentView.swift; sourceTree = "<group>"; };
		A01234567890123456789015 /* Assets.xcassets */ = {isa = PBXFileReference; lastKnownFileType = folder.assetcatalog; path = Assets.xcassets; sourceTree = "<group>"; };
		A01234567890123456789027 /* LoginView.swift */ = {isa = PBXFileReference; lastKnownFileType = sourcecode.swift; path = LoginView.swift; sourceTree = "<group>"; };
		A01234567890123456789029 /* SignUpView.swift */ = {isa = PBXFileReference; lastKnownFileType = sourcecode.swift; path = SignUpView.swift; sourceTree = "<group>"; };
		A01234567890123456789031 /* DashboardView.swift */ = {isa = PBXFileReference; lastKnownFileType = sourcecode.swift; path = DashboardView.swift; sourceTree = "<group>"; };
		A01234567890123456789033 /* ListingsView.swift */ = {isa = PBXFileReference; lastKnownFileType = sourcecode.swift; path = ListingsView.swift; sourceTree = "<group>"; };
		A01234567890123456789035 /* PropertyDetailView.swift */ = {isa = PBXFileReference; lastKnownFileType = sourcecode.swift; path = PropertyDetailView.swift; sourceTree = "<group>"; };
		A01234567890123456789039 /* ProfileView.swift */ = {isa = PBXFileReference; lastKnownFileType = sourcecode.swift; path = ProfileView.swift; sourceTree = "<group>"; };
		A01234567890123456789041 /* User.swift */ = {isa = PBXFileReference; lastKnownFileType = sourcecode.swift; path = User.swift; sourceTree = "<group>"; };
		A01234567890123456789043 /* Listing.swift */ = {isa = PBXFileReference; lastKnownFileType = sourcecode.swift; path = Listing.swift; sourceTree = "<group>"; };
		A01234567890123456789049 /* Constants.swift */ = {isa = PBXFileReference; lastKnownFileType = sourcecode.swift; path = Constants.swift; sourceTree = "<group>"; };
		A01234567890123456789051 /* Extensions.swift */ = {isa = PBXFileReference; lastKnownFileType = sourcecode.swift; path = Extensions.swift; sourceTree = "<group>"; };
		A01234567890123456789053 /* Info.plist */ = {isa = PBXFileReference; lastKnownFileType = text.plist.xml; path = Info.plist; sourceTree = "<group>"; };
		A01234567890123456789082 /* OpenAIClient.swift */ = {isa = PBXFileReference; lastKnownFileType = sourcecode.swift; path = OpenAIClient.swift; sourceTree = "<group>"; };
		CA904BF9103D50FAA3DF4316 /* Secrets.swift */ = {isa = PBXFileReference; includeInIndex = 1; lastKnownFileType = sourcecode.swift; path = Secrets.swift; sourceTree = "<group>"; };
/* End PBXFileReference section */

/* Begin PBXFrameworksBuildPhase section */
		A01234567890123456789054 /* Frameworks */ = {
			isa = PBXFrameworksBuildPhase;
			buildActionMask = 2147483647;
			files = (
			);
			runOnlyForDeploymentPostprocessing = 0;
		};
/* End PBXFrameworksBuildPhase section */

/* Begin PBXGroup section */
		06106C56830AFDA6077885DE /* Source */ = {
			isa = PBXGroup;
			children = (
				AF7AB0E7469DBD5F04E97D66 /* RoomFinderAI */,
			);
			name = Source;
			sourceTree = "<group>";
		};
		671FAB49625AAF6A82AC51B1 /* Services */ = {
			isa = PBXGroup;
			children = (
			);
			name = Services;
			sourceTree = "<group>";
		};
		90ECAE1BC4B1D8B61398D5AC /* Utils */ = {
			isa = PBXGroup;
			children = (
				82CE0923B188921096C93506 /* ErrorHandler.swift */,
			);
			name = Utils;
			sourceTree = "<group>";
		};
		A01234567890123456789055 = {
			isa = PBXGroup;
			children = (
				A01234567890123456789056 /* RoomFinderAI */,
				A01234567890123456789057 /* Products */,
			);
			sourceTree = "<group>";
		};
		A01234567890123456789056 /* RoomFinderAI */ = {
			isa = PBXGroup;
			children = (
				A01234567890123456789011 /* RoomFinderAIApp.swift */,
				A01234567890123456789013 /* ContentView.swift */,
				A01234567890123456789058 /* Views */,
				A01234567890123456789059 /* Services */,
				A01234567890123456789060 /* Models */,
				A01234567890123456789061 /* Utils */,
				A01234567890123456789062 /* Resources */,
				CA904BF9103D50FAA3DF4316 /* Secrets.swift */,
				6C41CDEF8170C034E709D60D /* SupabaseEnvironment.swift */,
				06106C56830AFDA6077885DE /* Source */,
			);
			path = RoomFinderAI;
			sourceTree = "<group>";
		};
		A01234567890123456789057 /* Products */ = {
			isa = PBXGroup;
			children = (
				A01234567890123456789000 /* RoomFinderAI.app */,
			);
			name = Products;
			sourceTree = "<group>";
		};
		A01234567890123456789058 /* Views */ = {
			isa = PBXGroup;
			children = (
				A01234567890123456789027 /* LoginView.swift */,
				A01234567890123456789029 /* SignUpView.swift */,
				A01234567890123456789031 /* DashboardView.swift */,
				A01234567890123456789033 /* ListingsView.swift */,
				A01234567890123456789035 /* PropertyDetailView.swift */,
				A01234567890123456789039 /* ProfileView.swift */,
			);
			path = Views;
			sourceTree = "<group>";
		};
		A01234567890123456789059 /* Services */ = {
			isa = PBXGroup;
			children = (
				A01234567890123456789082 /* OpenAIClient.swift */,
			);
			path = Services;
			sourceTree = "<group>";
		};
		A01234567890123456789060 /* Models */ = {
			isa = PBXGroup;
			children = (
				A01234567890123456789041 /* User.swift */,
				A01234567890123456789043 /* Listing.swift */,
			);
			path = Models;
			sourceTree = "<group>";
		};
		A01234567890123456789061 /* Utils */ = {
			isa = PBXGroup;
			children = (
				A01234567890123456789049 /* Constants.swift */,
				A01234567890123456789051 /* Extensions.swift */,
			);
			path = Utils;
			sourceTree = "<group>";
		};
		A01234567890123456789062 /* Resources */ = {
			isa = PBXGroup;
			children = (
				A01234567890123456789015 /* Assets.xcassets */,
				A01234567890123456789053 /* Info.plist */,
			);
			path = Resources;
			sourceTree = "<group>";
		};
		AF7AB0E7469DBD5F04E97D66 /* RoomFinderAI */ = {
			isa = PBXGroup;
			children = (
				90ECAE1BC4B1D8B61398D5AC /* Utils */,
				671FAB49625AAF6A82AC51B1 /* Services */,
			);
			name = RoomFinderAI;
			sourceTree = "<group>";
		};
/* End PBXGroup section */

/* Begin PBXNativeTarget section */
		A01234567890123456789063 /* RoomFinderAI */ = {
			isa = PBXNativeTarget;
			buildConfigurationList = A01234567890123456789064 /* Build configuration list for PBXNativeTarget "RoomFinderAI" */;
			buildPhases = (
				A01234567890123456789065 /* Sources */,
				A01234567890123456789054 /* Frameworks */,
				A01234567890123456789066 /* Resources */,
			);
			buildRules = (
			);
			dependencies = (
			);
			name = RoomFinderAI;
			productName = RoomFinderAI;
			productReference = A01234567890123456789000 /* RoomFinderAI.app */;
			productType = "com.apple.product-type.application";
		};
/* End PBXNativeTarget section */

/* Begin PBXProject section */
		A01234567890123456789067 /* Project object */ = {
			isa = PBXProject;
			attributes = {
				BuildIndependentTargetsInParallel = 1;
				LastSwiftUpdateCheck = 1500;
				LastUpgradeCheck = 1500;
				TargetAttributes = {
					A01234567890123456789063 = {
						CreatedOnToolsVersion = 15.0;
					};
				};
			};
			buildConfigurationList = A01234567890123456789068 /* Build configuration list for PBXProject "RoomFinderAI" */;
			compatibilityVersion = "Xcode 14.0";
			developmentRegion = en;
			hasScannedForEncodings = 0;
			knownRegions = (
				en,
				Base,
			);
			mainGroup = A01234567890123456789055;
			productRefGroup = A01234567890123456789057 /* Products */;
			projectDirPath = "";
			projectRoot = "";
			targets = (
				A01234567890123456789063 /* RoomFinderAI */,
			);
		};
/* End PBXProject section */

/* Begin PBXResourcesBuildPhase section */
		A01234567890123456789066 /* Resources */ = {
			isa = PBXResourcesBuildPhase;
			buildActionMask = 2147483647;
			files = (
				A01234567890123456789016 /* Assets.xcassets in Resources */,
			);
			runOnlyForDeploymentPostprocessing = 0;
		};
/* End PBXResourcesBuildPhase section */

/* Begin PBXSourcesBuildPhase section */
		A01234567890123456789065 /* Sources */ = {
			isa = PBXSourcesBuildPhase;
			buildActionMask = 2147483647;
			files = (
				A01234567890123456789012 /* RoomFinderAIApp.swift in Sources */,
				A01234567890123456789014 /* ContentView.swift in Sources */,
				A01234567890123456789028 /* LoginView.swift in Sources */,
				A01234567890123456789030 /* SignUpView.swift in Sources */,
				A01234567890123456789032 /* DashboardView.swift in Sources */,
				A01234567890123456789034 /* ListingsView.swift in Sources */,
				A01234567890123456789036 /* PropertyDetailView.swift in Sources */,
				A01234567890123456789040 /* ProfileView.swift in Sources */,
				A01234567890123456789042 /* User.swift in Sources */,
				A01234567890123456789044 /* Listing.swift in Sources */,
				A01234567890123456789050 /* Constants.swift in Sources */,
				A01234567890123456789052 /* Extensions.swift in Sources */,
				8AFBDA39573E82E25023E636 /* Secrets.swift in Sources */,
				A50AFB70B1443CDFDD91B21E /* SupabaseEnvironment.swift in Sources */,
				BE25A511F760CC65FB96DA03 /* ErrorHandler.swift in Sources */,
			);
			runOnlyForDeploymentPostprocessing = 0;
		};
/* End PBXSourcesBuildPhase section */

/* Begin XCBuildConfiguration section */
		A01234567890123456789069 /* Debug */ = {
			isa = XCBuildConfiguration;
			buildSettings = {
				ALWAYS_SEARCH_USER_PATHS = NO;
				ASSETCATALOG_COMPILER_GENERATE_SWIFT_ASSET_SYMBOL_EXTENSIONS = YES;
				CLANG_ANALYZER_NONNULL = YES;
				CLANG_ANALYZER_NUMBER_OBJECT_CONVERSION = YES_AGGRESSIVE;
				CLANG_CXX_LANGUAGE_STANDARD = "gnu++20";
				CLANG_ENABLE_MODULES = YES;
				CLANG_ENABLE_OBJC_ARC = YES;
				CLANG_ENABLE_OBJC_WEAK = YES;
				CLANG_WARN_BLOCK_CAPTURE_AUTORELEASING = YES;
				CLANG_WARN_BOOL_CONVERSION = YES;
				CLANG_WARN_COMMA = YES;
				CLANG_WARN_CONSTANT_CONVERSION = YES;
				CLANG_WARN_DEPRECATED_OBJC_IMPLEMENTATIONS = YES;
				CLANG_WARN_DIRECT_OBJC_ISA_USAGE = YES_ERROR;
				CLANG_WARN_DOCUMENTATION_COMMENTS = YES;
				CLANG_WARN_EMPTY_BODY = YES;
				CLANG_WARN_ENUM_CONVERSION = YES;
				CLANG_WARN_INFINITE_RECURSION = YES;
				CLANG_WARN_INT_CONVERSION = YES;
				CLANG_WARN_NON_LITERAL_NULL_CONVERSION = YES;
				CLANG_WARN_OBJC_IMPLICIT_RETAIN_SELF = YES;
				CLANG_WARN_OBJC_LITERAL_CONVERSION = YES;
				CLANG_WARN_OBJC_ROOT_CLASS = YES_ERROR;
				CLANG_WARN_QUOTED_INCLUDE_IN_FRAMEWORK_HEADER = YES;
				CLANG_WARN_RANGE_LOOP_ANALYSIS = YES;
				CLANG_WARN_STRICT_PROTOTYPES = YES;
				CLANG_WARN_SUSPICIOUS_MOVE = YES;
				CLANG_WARN_UNGUARDED_AVAILABILITY = YES_AGGRESSIVE;
				CLANG_WARN_UNREACHABLE_CODE = YES;
				CLANG_WARN__DUPLICATE_METHOD_MATCH = YES;
				COPY_PHASE_STRIP = NO;
				DEBUG_INFORMATION_FORMAT = dwarf;
				ENABLE_STRICT_OBJC_MSGSEND = YES;
				ENABLE_TESTABILITY = YES;
				ENABLE_USER_SCRIPT_SANDBOXING = YES;
				GCC_C_LANGUAGE_STANDARD = gnu17;
				GCC_DYNAMIC_NO_PIC = NO;
				GCC_NO_COMMON_BLOCKS = YES;
				GCC_OPTIMIZATION_LEVEL = 0;
				GCC_PREPROCESSOR_DEFINITIONS = (
					"DEBUG=1",
					"$(inherited)",
				);
				GCC_WARN_64_TO_32_BIT_CONVERSION = YES;
				GCC_WARN_ABOUT_RETURN_TYPE = YES_ERROR;
				GCC_WARN_UNDECLARED_SELECTOR = YES;
				GCC_WARN_UNINITIALIZED_AUTOS = YES_AGGRESSIVE;
				GCC_WARN_UNUSED_FUNCTION = YES;
				GCC_WARN_UNUSED_VARIABLE = YES;
				IPHONEOS_DEPLOYMENT_TARGET = 16.0;
				LOCALIZATION_PREFERS_STRING_CATALOGS = YES;
				MTL_ENABLE_DEBUG_INFO = INCLUDE_SOURCE;
				MTL_FAST_MATH = YES;
				ONLY_ACTIVE_ARCH = YES;
				SDKROOT = iphoneos;
				SWIFT_ACTIVE_COMPILATION_CONDITIONS = "DEBUG $(inherited)";
				SWIFT_OPTIMIZATION_LEVEL = "-Onone";
			};
			name = Debug;
		};
		A01234567890123456789070 /* Release */ = {
			isa = XCBuildConfiguration;
			buildSettings = {
				ALWAYS_SEARCH_USER_PATHS = NO;
				ASSETCATALOG_COMPILER_GENERATE_SWIFT_ASSET_SYMBOL_EXTENSIONS = YES;
				CLANG_ANALYZER_NONNULL = YES;
				CLANG_ANALYZER_NUMBER_OBJECT_CONVERSION = YES_AGGRESSIVE;
				CLANG_CXX_LANGUAGE_STANDARD = "gnu++20";
				CLANG_ENABLE_MODULES = YES;
				CLANG_ENABLE_OBJC_ARC = YES;
				CLANG_ENABLE_OBJC_WEAK = YES;
				CLANG_WARN_BLOCK_CAPTURE_AUTORELEASING = YES;
				CLANG_WARN_BOOL_CONVERSION = YES;
				CLANG_WARN_COMMA = YES;
				CLANG_WARN_CONSTANT_CONVERSION = YES;
				CLANG_WARN_DEPRECATED_OBJC_IMPLEMENTATIONS = YES;
				CLANG_WARN_DIRECT_OBJC_ISA_USAGE = YES_ERROR;
				CLANG_WARN_DOCUMENTATION_COMMENTS = YES;
				CLANG_WARN_EMPTY_BODY = YES;
				CLANG_WARN_ENUM_CONVERSION = YES;
				CLANG_WARN_INFINITE_RECURSION = YES;
				CLANG_WARN_INT_CONVERSION = YES;
				CLANG_WARN_NON_LITERAL_NULL_CONVERSION = YES;
				CLANG_WARN_OBJC_IMPLICIT_RETAIN_SELF = YES;
				CLANG_WARN_OBJC_LITERAL_CONVERSION = YES;
				CLANG_WARN_OBJC_ROOT_CLASS = YES_ERROR;
				CLANG_WARN_QUOTED_INCLUDE_IN_FRAMEWORK_HEADER = YES;
				CLANG_WARN_RANGE_LOOP_ANALYSIS = YES;
				CLANG_WARN_STRICT_PROTOTYPES = YES;
				CLANG_WARN_SUSPICIOUS_MOVE = YES;
				CLANG_WARN_UNGUARDED_AVAILABILITY = YES_AGGRESSIVE;
				CLANG_WARN_UNREACHABLE_CODE = YES;
				CLANG_WARN__DUPLICATE_METHOD_MATCH = YES;
				COPY_PHASE_STRIP = NO;
				DEBUG_INFORMATION_FORMAT = "dwarf-with-dsym";
				ENABLE_NS_ASSERTIONS = NO;
				ENABLE_STRICT_OBJC_MSGSEND = YES;
				ENABLE_USER_SCRIPT_SANDBOXING = YES;
				GCC_C_LANGUAGE_STANDARD = gnu17;
				GCC_NO_COMMON_BLOCKS = YES;
				GCC_WARN_64_TO_32_BIT_CONVERSION = YES;
				GCC_WARN_ABOUT_RETURN_TYPE = YES_ERROR;
				GCC_WARN_UNDECLARED_SELECTOR = YES;
				GCC_WARN_UNINITIALIZED_AUTOS = YES_AGGRESSIVE;
				GCC_WARN_UNUSED_FUNCTION = YES;
				GCC_WARN_UNUSED_VARIABLE = YES;
				IPHONEOS_DEPLOYMENT_TARGET = 16.0;
				LOCALIZATION_PREFERS_STRING_CATALOGS = YES;
				MTL_ENABLE_DEBUG_INFO = NO;
				MTL_FAST_MATH = YES;
				SDKROOT = iphoneos;
				SWIFT_COMPILATION_MODE = wholemodule;
				VALIDATE_PRODUCT = YES;
			};
			name = Release;
		};
		A01234567890123456789071 /* Debug */ = {
			isa = XCBuildConfiguration;
			buildSettings = {
				ASSETCATALOG_COMPILER_APPICON_NAME = AppIcon;
				ASSETCATALOG_COMPILER_GLOBAL_ACCENT_COLOR_NAME = AccentColor;
				CODE_SIGN_STYLE = Automatic;
				CURRENT_PROJECT_VERSION = 1;
				DEVELOPMENT_ASSET_PATHS = "\"RoomFinderAI/Resources\"";
				ENABLE_PREVIEWS = YES;
				GENERATE_INFOPLIST_FILE = YES;
				INFOPLIST_FILE = RoomFinderAI/Resources/Info.plist;
				INFOPLIST_KEY_UIApplicationSceneManifest_Generation = YES;
				INFOPLIST_KEY_UIApplicationSupportsIndirectInputEvents = YES;
				INFOPLIST_KEY_UILaunchScreen_Generation = YES;
				INFOPLIST_KEY_UISupportedInterfaceOrientations_iPad = "UIInterfaceOrientationPortrait UIInterfaceOrientationPortraitUpsideDown UIInterfaceOrientationLandscapeLeft UIInterfaceOrientationLandscapeRight";
				INFOPLIST_KEY_UISupportedInterfaceOrientations_iPhone = "UIInterfaceOrientationPortrait UIInterfaceOrientationLandscapeLeft UIInterfaceOrientationLandscapeRight";
				IPHONEOS_DEPLOYMENT_TARGET = 16.0;
				LD_RUNPATH_SEARCH_PATHS = (
					"$(inherited)",
					"@executable_path/Frameworks",
				);
				MARKETING_VERSION = 1.0;
				PRODUCT_BUNDLE_IDENTIFIER = com.roomfinderai.app;
				PRODUCT_NAME = "$(TARGET_NAME)";
				SWIFT_EMIT_LOC_STRINGS = YES;
				SWIFT_VERSION = 5.0;
				TARGETED_DEVICE_FAMILY = "1,2";
			};
			name = Debug;
		};
		A01234567890123456789072 /* Release */ = {
			isa = XCBuildConfiguration;
			buildSettings = {
				ASSETCATALOG_COMPILER_APPICON_NAME = AppIcon;
				ASSETCATALOG_COMPILER_GLOBAL_ACCENT_COLOR_NAME = AccentColor;
				CODE_SIGN_STYLE = Automatic;
				CURRENT_PROJECT_VERSION = 1;
				DEVELOPMENT_ASSET_PATHS = "\"RoomFinderAI/Resources\"";
				ENABLE_PREVIEWS = YES;
				GENERATE_INFOPLIST_FILE = YES;
				INFOPLIST_FILE = RoomFinderAI/Resources/Info.plist;
				INFOPLIST_KEY_UIApplicationSceneManifest_Generation = YES;
				INFOPLIST_KEY_UIApplicationSupportsIndirectInputEvents = YES;
				INFOPLIST_KEY_UILaunchScreen_Generation = YES;
				INFOPLIST_KEY_UISupportedInterfaceOrientations_iPad = "UIInterfaceOrientationPortrait UIInterfaceOrientationPortraitUpsideDown UIInterfaceOrientationLandscapeLeft UIInterfaceOrientationLandscapeRight";
				INFOPLIST_KEY_UISupportedInterfaceOrientations_iPhone = "UIInterfaceOrientationPortrait UIInterfaceOrientationLandscapeLeft UIInterfaceOrientationLandscapeRight";
				IPHONEOS_DEPLOYMENT_TARGET = 16.0;
				LD_RUNPATH_SEARCH_PATHS = (
					"$(inherited)",
					"@executable_path/Frameworks",
				);
				MARKETING_VERSION = 1.0;
				PRODUCT_BUNDLE_IDENTIFIER = com.roomfinderai.app;
				PRODUCT_NAME = "$(TARGET_NAME)";
				SWIFT_EMIT_LOC_STRINGS = YES;
				SWIFT_VERSION = 5.0;
				TARGETED_DEVICE_FAMILY = "1,2";
			};
			name = Release;
		};
/* End XCBuildConfiguration section */

/* Begin XCConfigurationList section */
		A01234567890123456789064 /* Build configuration list for PBXNativeTarget "RoomFinderAI" */ = {
			isa = XCConfigurationList;
			buildConfigurations = (
				A01234567890123456789071 /* Debug */,
				A01234567890123456789072 /* Release */,
			);
			defaultConfigurationIsVisible = 0;
			defaultConfigurationName = Release;
		};
		A01234567890123456789068 /* Build configuration list for PBXProject "RoomFinderAI" */ = {
			isa = XCConfigurationList;
			buildConfigurations = (
				A01234567890123456789069 /* Debug */,
				A01234567890123456789070 /* Release */,
			);
			defaultConfigurationIsVisible = 0;
			defaultConfigurationName = Release;
		};
/* End XCConfigurationList section */
	};
	rootObject = A01234567890123456789067 /* Project object */;
}
